PODS:
  - KYDrawerController (1.1.3)
  - Realm (0.98.6):
    - Realm/Headers (= 0.98.6)
  - Realm/Headers (0.98.6)
  - RealmSwift (0.98.6):
    - Realm (= 0.98.6)

DEPENDENCIES:
  - KYDrawerController
  - RealmSwift

SPEC CHECKSUMS:
  KYDrawerController: 3bb920220cb1d1ff7d86d40c61d5848ed647d385
  Realm: 44803f35418c5d89b27825a564247fcd190de37e
  RealmSwift: c7239c52c83f8c43525a5269ba7be1694da33afc

COCOAPODS: 0.39.0
