PODS:
  - KYDrawerController (1.1.2)
  - Realm (0.98.4):
    - Realm/Headers (= 0.98.4)
  - Realm/Headers (0.98.4)
  - RealmSwift (0.98.4):
    - Realm (= 0.98.4)

DEPENDENCIES:
  - KYDrawerController
  - RealmSwift

SPEC CHECKSUMS:
  KYDrawerController: 222c4d07ed09fa7842011d36d73e3599dcbccab3
  Realm: 7745674cb1b7cb2a84a655bfd420b86efdaad36e
  RealmSwift: 18742f4f13f98117aeec53b92058918ac93bf38f

COCOAPODS: 0.39.0
