// !$*UTF8*$!
{
	archiveVersion = 1;
	classes = {
	};
	objectVersion = 46;
	objects = {

/* Begin PBXBuildFile section */
		5483BED11B95FAA70037359C /* AppDelegate.swift in Sources */ = {isa = PBXBuildFile; fileRef = 5483BED01B95FAA70037359C /* AppDelegate.swift */; };
		5483BED31B95FAA70037359C /* ViewController.swift in Sources */ = {isa = PBXBuildFile; fileRef = 5483BED21B95FAA70037359C /* ViewController.swift */; };
		5483BED61B95FAA70037359C /* Main.storyboard in Resources */ = {isa = PBXBuildFile; fileRef = 5483BED41B95FAA70037359C /* Main.storyboard */; };
		5483BED81B95FAA70037359C /* Images.xcassets in Resources */ = {isa = PBXBuildFile; fileRef = 5483BED71B95FAA70037359C /* Images.xcassets */; };
		5483BEDB1B95FAA70037359C /* LaunchScreen.xib in Resources */ = {isa = PBXBuildFile; fileRef = 5483BED91B95FAA70037359C /* LaunchScreen.xib */; };
		5483BEE71B95FAA70037359C /* ImmerseTests.swift in Sources */ = {isa = PBXBuildFile; fileRef = 5483BEE61B95FAA70037359C /* ImmerseTests.swift */; };
		E91A37593168B2754A6BC431 /* Pods.framework in Frameworks */ = {isa = PBXBuildFile; fileRef = 9104F0529718EC07A125BDFE /* Pods.framework */; settings = {ATTRIBUTES = (Weak, ); }; };
/* End PBXBuildFile section */

/* Begin PBXContainerItemProxy section */
		5483BEE11B95FAA70037359C /* PBXContainerItemProxy */ = {
			isa = PBXContainerItemProxy;
			containerPortal = 5483BEC31B95FAA70037359C /* Project object */;
			proxyType = 1;
			remoteGlobalIDString = 5483BECA1B95FAA70037359C;
			remoteInfo = Immerse;
		};
/* End PBXContainerItemProxy section */

/* Begin PBXFileReference section */
		0C4E41121568ECD7C159A32C /* Pods.release.xcconfig */ = {isa = PBXFileReference; includeInIndex = 1; lastKnownFileType = text.xcconfig; name = Pods.release.xcconfig; path = "Pods/Target Support Files/Pods/Pods.release.xcconfig"; sourceTree = "<group>"; };
		4ACE5D80873F6774CFD230B8 /* Pods.debug.xcconfig */ = {isa = PBXFileReference; includeInIndex = 1; lastKnownFileType = text.xcconfig; name = Pods.debug.xcconfig; path = "Pods/Target Support Files/Pods/Pods.debug.xcconfig"; sourceTree = "<group>"; };
		5483BECB1B95FAA70037359C /* Immerse.app */ = {isa = PBXFileReference; explicitFileType = wrapper.application; includeInIndex = 0; path = Immerse.app; sourceTree = BUILT_PRODUCTS_DIR; };
		5483BECF1B95FAA70037359C /* Info.plist */ = {isa = PBXFileReference; lastKnownFileType = text.plist.xml; path = Info.plist; sourceTree = "<group>"; };
		5483BED01B95FAA70037359C /* AppDelegate.swift */ = {isa = PBXFileReference; lastKnownFileType = sourcecode.swift; path = AppDelegate.swift; sourceTree = "<group>"; };
		5483BED21B95FAA70037359C /* ViewController.swift */ = {isa = PBXFileReference; lastKnownFileType = sourcecode.swift; path = ViewController.swift; sourceTree = "<group>"; };
		5483BED51B95FAA70037359C /* Base */ = {isa = PBXFileReference; lastKnownFileType = file.storyboard; name = Base; path = Base.lproj/Main.storyboard; sourceTree = "<group>"; };
		5483BED71B95FAA70037359C /* Images.xcassets */ = {isa = PBXFileReference; lastKnownFileType = folder.assetcatalog; path = Images.xcassets; sourceTree = "<group>"; };
		5483BEDA1B95FAA70037359C /* Base */ = {isa = PBXFileReference; lastKnownFileType = file.xib; name = Base; path = Base.lproj/LaunchScreen.xib; sourceTree = "<group>"; };
		5483BEE01B95FAA70037359C /* ImmerseTests.xctest */ = {isa = PBXFileReference; explicitFileType = wrapper.cfbundle; includeInIndex = 0; path = ImmerseTests.xctest; sourceTree = BUILT_PRODUCTS_DIR; };
		5483BEE51B95FAA70037359C /* Info.plist */ = {isa = PBXFileReference; lastKnownFileType = text.plist.xml; path = Info.plist; sourceTree = "<group>"; };
		5483BEE61B95FAA70037359C /* ImmerseTests.swift */ = {isa = PBXFileReference; lastKnownFileType = sourcecode.swift; path = ImmerseTests.swift; sourceTree = "<group>"; };
		9104F0529718EC07A125BDFE /* Pods.framework */ = {isa = PBXFileReference; explicitFileType = wrapper.framework; includeInIndex = 0; path = Pods.framework; sourceTree = BUILT_PRODUCTS_DIR; };
/* End PBXFileReference section */

/* Begin PBXFrameworksBuildPhase section */
		5483BEC81B95FAA70037359C /* Frameworks */ = {
			isa = PBXFrameworksBuildPhase;
			buildActionMask = 2147483647;
			files = (
				E91A37593168B2754A6BC431 /* Pods.framework in Frameworks */,
			);
			runOnlyForDeploymentPostprocessing = 0;
		};
		5483BEDD1B95FAA70037359C /* Frameworks */ = {
			isa = PBXFrameworksBuildPhase;
			buildActionMask = 2147483647;
			files = (
			);
			runOnlyForDeploymentPostprocessing = 0;
		};
/* End PBXFrameworksBuildPhase section */

/* Begin PBXGroup section */
		14B5686426E505E40FB7BDFF /* Frameworks */ = {
			isa = PBXGroup;
			children = (
				9104F0529718EC07A125BDFE /* Pods.framework */,
			);
			name = Frameworks;
			sourceTree = "<group>";
		};
		5483BEC21B95FAA70037359C = {
			isa = PBXGroup;
			children = (
				5483BECD1B95FAA70037359C /* Immerse */,
				5483BEE31B95FAA70037359C /* ImmerseTests */,
				5483BECC1B95FAA70037359C /* Products */,
				9E0AC03E7325E8958B930D3C /* Pods */,
				14B5686426E505E40FB7BDFF /* Frameworks */,
			);
			sourceTree = "<group>";
		};
		5483BECC1B95FAA70037359C /* Products */ = {
			isa = PBXGroup;
			children = (
				5483BECB1B95FAA70037359C /* Immerse.app */,
				5483BEE01B95FAA70037359C /* ImmerseTests.xctest */,
			);
			name = Products;
			sourceTree = "<group>";
		};
		5483BECD1B95FAA70037359C /* Immerse */ = {
			isa = PBXGroup;
			children = (
				5483BED01B95FAA70037359C /* AppDelegate.swift */,
				5483BED21B95FAA70037359C /* ViewController.swift */,
				5483BED41B95FAA70037359C /* Main.storyboard */,
				5483BED71B95FAA70037359C /* Images.xcassets */,
				5483BED91B95FAA70037359C /* LaunchScreen.xib */,
				5483BECE1B95FAA70037359C /* Supporting Files */,
			);
			path = Immerse;
			sourceTree = "<group>";
		};
		5483BECE1B95FAA70037359C /* Supporting Files */ = {
			isa = PBXGroup;
			children = (
				5483BECF1B95FAA70037359C /* Info.plist */,
			);
			name = "Supporting Files";
			sourceTree = "<group>";
		};
		5483BEE31B95FAA70037359C /* ImmerseTests */ = {
			isa = PBXGroup;
			children = (
				5483BEE61B95FAA70037359C /* ImmerseTests.swift */,
				5483BEE41B95FAA70037359C /* Supporting Files */,
			);
			path = ImmerseTests;
			sourceTree = "<group>";
		};
		5483BEE41B95FAA70037359C /* Supporting Files */ = {
			isa = PBXGroup;
			children = (
				5483BEE51B95FAA70037359C /* Info.plist */,
			);
			name = "Supporting Files";
			sourceTree = "<group>";
		};
		9E0AC03E7325E8958B930D3C /* Pods */ = {
			isa = PBXGroup;
			children = (
				4ACE5D80873F6774CFD230B8 /* Pods.debug.xcconfig */,
				0C4E41121568ECD7C159A32C /* Pods.release.xcconfig */,
			);
			name = Pods;
			sourceTree = "<group>";
		};
/* End PBXGroup section */

/* Begin PBXNativeTarget section */
		5483BECA1B95FAA70037359C /* Immerse */ = {
			isa = PBXNativeTarget;
			buildConfigurationList = 5483BEEA1B95FAA70037359C /* Build configuration list for PBXNativeTarget "Immerse" */;
			buildPhases = (
				A933B10533284E99DE9CC7EC /* Check Pods Manifest.lock */,
				5483BEC71B95FAA70037359C /* Sources */,
				5483BEC81B95FAA70037359C /* Frameworks */,
				5483BEC91B95FAA70037359C /* Resources */,
				8EA25468A55ED102820F5CE2 /* Embed Pods Frameworks */,
				A46F73B501D627B9A4C05C6C /* Copy Pods Resources */,
			);
			buildRules = (
			);
			dependencies = (
			);
			name = Immerse;
			productName = Immerse;
			productReference = 5483BECB1B95FAA70037359C /* Immerse.app */;
			productType = "com.apple.product-type.application";
		};
		5483BEDF1B95FAA70037359C /* ImmerseTests */ = {
			isa = PBXNativeTarget;
			buildConfigurationList = 5483BEED1B95FAA70037359C /* Build configuration list for PBXNativeTarget "ImmerseTests" */;
			buildPhases = (
				5483BEDC1B95FAA70037359C /* Sources */,
				5483BEDD1B95FAA70037359C /* Frameworks */,
				5483BEDE1B95FAA70037359C /* Resources */,
			);
			buildRules = (
			);
			dependencies = (
				5483BEE21B95FAA70037359C /* PBXTargetDependency */,
			);
			name = ImmerseTests;
			productName = ImmerseTests;
			productReference = 5483BEE01B95FAA70037359C /* ImmerseTests.xctest */;
			productType = "com.apple.product-type.bundle.unit-test";
		};
/* End PBXNativeTarget section */

/* Begin PBXProject section */
		5483BEC31B95FAA70037359C /* Project object */ = {
			isa = PBXProject;
			attributes = {
				LastUpgradeCheck = 0640;
				ORGANIZATIONNAME = Immerse;
				TargetAttributes = {
					5483BECA1B95FAA70037359C = {
						CreatedOnToolsVersion = 6.4;
					};
					5483BEDF1B95FAA70037359C = {
						CreatedOnToolsVersion = 6.4;
						TestTargetID = 5483BECA1B95FAA70037359C;
					};
				};
			};
			buildConfigurationList = 5483BEC61B95FAA70037359C /* Build configuration list for PBXProject "Immerse" */;
			compatibilityVersion = "Xcode 3.2";
			developmentRegion = English;
			hasScannedForEncodings = 0;
			knownRegions = (
				en,
				Base,
			);
			mainGroup = 5483BEC21B95FAA70037359C;
			productRefGroup = 5483BECC1B95FAA70037359C /* Products */;
			projectDirPath = "";
			projectRoot = "";
			targets = (
				5483BECA1B95FAA70037359C /* Immerse */,
				5483BEDF1B95FAA70037359C /* ImmerseTests */,
			);
		};
/* End PBXProject section */

/* Begin PBXResourcesBuildPhase section */
		5483BEC91B95FAA70037359C /* Resources */ = {
			isa = PBXResourcesBuildPhase;
			buildActionMask = 2147483647;
			files = (
				5483BED61B95FAA70037359C /* Main.storyboard in Resources */,
				5483BEDB1B95FAA70037359C /* LaunchScreen.xib in Resources */,
				5483BED81B95FAA70037359C /* Images.xcassets in Resources */,
			);
			runOnlyForDeploymentPostprocessing = 0;
		};
		5483BEDE1B95FAA70037359C /* Resources */ = {
			isa = PBXResourcesBuildPhase;
			buildActionMask = 2147483647;
			files = (
			);
			runOnlyForDeploymentPostprocessing = 0;
		};
/* End PBXResourcesBuildPhase section */

/* Begin PBXShellScriptBuildPhase section */
		8EA25468A55ED102820F5CE2 /* Embed Pods Frameworks */ = {
			isa = PBXShellScriptBuildPhase;
			buildActionMask = 2147483647;
			files = (
			);
			inputPaths = (
			);
			name = "Embed Pods Frameworks";
			outputPaths = (
			);
			runOnlyForDeploymentPostprocessing = 0;
			shellPath = /bin/sh;
			shellScript = "\"${SRCROOT}/Pods/Target Support Files/Pods/Pods-frameworks.sh\"\n";
			showEnvVarsInLog = 0;
		};
		A46F73B501D627B9A4C05C6C /* Copy Pods Resources */ = {
			isa = PBXShellScriptBuildPhase;
			buildActionMask = 2147483647;
			files = (
			);
			inputPaths = (
			);
			name = "Copy Pods Resources";
			outputPaths = (
			);
			runOnlyForDeploymentPostprocessing = 0;
			shellPath = /bin/sh;
			shellScript = "\"${SRCROOT}/Pods/Target Support Files/Pods/Pods-resources.sh\"\n";
			showEnvVarsInLog = 0;
		};
		A933B10533284E99DE9CC7EC /* Check Pods Manifest.lock */ = {
			isa = PBXShellScriptBuildPhase;
			buildActionMask = 2147483647;
			files = (
			);
			inputPaths = (
			);
			name = "Check Pods Manifest.lock";
			outputPaths = (
			);
			runOnlyForDeploymentPostprocessing = 0;
			shellPath = /bin/sh;
			shellScript = "diff \"${PODS_ROOT}/../Podfile.lock\" \"${PODS_ROOT}/Manifest.lock\" > /dev/null\nif [[ $? != 0 ]] ; then\n    cat << EOM\nerror: The sandbox is not in sync with the Podfile.lock. Run 'pod install' or update your CocoaPods installation.\nEOM\n    exit 1\nfi\n";
			showEnvVarsInLog = 0;
		};
/* End PBXShellScriptBuildPhase section */

/* Begin PBXSourcesBuildPhase section */
		5483BEC71B95FAA70037359C /* Sources */ = {
			isa = PBXSourcesBuildPhase;
			buildActionMask = 2147483647;
			files = (
				5483BED31B95FAA70037359C /* ViewController.swift in Sources */,
				5483BED11B95FAA70037359C /* AppDelegate.swift in Sources */,
			);
			runOnlyForDeploymentPostprocessing = 0;
		};
		5483BEDC1B95FAA70037359C /* Sources */ = {
			isa = PBXSourcesBuildPhase;
			buildActionMask = 2147483647;
			files = (
				5483BEE71B95FAA70037359C /* ImmerseTests.swift in Sources */,
			);
			runOnlyForDeploymentPostprocessing = 0;
		};
/* End PBXSourcesBuildPhase section */

/* Begin PBXTargetDependency section */
		5483BEE21B95FAA70037359C /* PBXTargetDependency */ = {
			isa = PBXTargetDependency;
			target = 5483BECA1B95FAA70037359C /* Immerse */;
			targetProxy = 5483BEE11B95FAA70037359C /* PBXContainerItemProxy */;
		};
/* End PBXTargetDependency section */

/* Begin PBXVariantGroup section */
		5483BED41B95FAA70037359C /* Main.storyboard */ = {
			isa = PBXVariantGroup;
			children = (
				5483BED51B95FAA70037359C /* Base */,
			);
			name = Main.storyboard;
			sourceTree = "<group>";
		};
		5483BED91B95FAA70037359C /* LaunchScreen.xib */ = {
			isa = PBXVariantGroup;
			children = (
				5483BEDA1B95FAA70037359C /* Base */,
			);
			name = LaunchScreen.xib;
			sourceTree = "<group>";
		};
/* End PBXVariantGroup section */

/* Begin XCBuildConfiguration section */
		5483BEE81B95FAA70037359C /* Debug */ = {
			isa = XCBuildConfiguration;
			buildSettings = {
				ALWAYS_SEARCH_USER_PATHS = NO;
				CLANG_CXX_LANGUAGE_STANDARD = "gnu++0x";
				CLANG_CXX_LIBRARY = "libc++";
				CLANG_ENABLE_MODULES = YES;
				CLANG_ENABLE_OBJC_ARC = YES;
				CLANG_WARN_BOOL_CONVERSION = YES;
				CLANG_WARN_CONSTANT_CONVERSION = YES;
				CLANG_WARN_DIRECT_OBJC_ISA_USAGE = YES_ERROR;
				CLANG_WARN_EMPTY_BODY = YES;
				CLANG_WARN_ENUM_CONVERSION = YES;
				CLANG_WARN_INT_CONVERSION = YES;
				CLANG_WARN_OBJC_ROOT_CLASS = YES_ERROR;
				CLANG_WARN_UNREACHABLE_CODE = YES;
				CLANG_WARN__DUPLICATE_METHOD_MATCH = YES;
				"CODE_SIGN_IDENTITY[sdk=iphoneos*]" = "iPhone Developer";
				COPY_PHASE_STRIP = NO;
				DEBUG_INFORMATION_FORMAT = "dwarf-with-dsym";
				ENABLE_STRICT_OBJC_MSGSEND = YES;
				GCC_C_LANGUAGE_STANDARD = gnu99;
				GCC_DYNAMIC_NO_PIC = NO;
				GCC_NO_COMMON_BLOCKS = YES;
				GCC_OPTIMIZATION_LEVEL = 0;
				GCC_PREPROCESSOR_DEFINITIONS = (
					"DEBUG=1",
					"$(inherited)",
				);
				GCC_SYMBOLS_PRIVATE_EXTERN = NO;
				GCC_WARN_64_TO_32_BIT_CONVERSION = YES;
				GCC_WARN_ABOUT_RETURN_TYPE = YES_ERROR;
				GCC_WARN_UNDECLARED_SELECTOR = YES;
				GCC_WARN_UNINITIALIZED_AUTOS = YES_AGGRESSIVE;
				GCC_WARN_UNUSED_FUNCTION = YES;
				GCC_WARN_UNUSED_VARIABLE = YES;
				IPHONEOS_DEPLOYMENT_TARGET = 8.4;
				MTL_ENABLE_DEBUG_INFO = YES;
				ONLY_ACTIVE_ARCH = YES;
				SDKROOT = iphoneos;
				SWIFT_OPTIMIZATION_LEVEL = "-Onone";
				TARGETED_DEVICE_FAMILY = "1,2";
			};
			name = Debug;
		};
		5483BEE91B95FAA70037359C /* Release */ = {
			isa = XCBuildConfiguration;
			buildSettings = {
				ALWAYS_SEARCH_USER_PATHS = NO;
				CLANG_CXX_LANGUAGE_STANDARD = "gnu++0x";
				CLANG_CXX_LIBRARY = "libc++";
				CLANG_ENABLE_MODULES = YES;
				CLANG_ENABLE_OBJC_ARC = YES;
				CLANG_WARN_BOOL_CONVERSION = YES;
				CLANG_WARN_CONSTANT_CONVERSION = YES;
				CLANG_WARN_DIRECT_OBJC_ISA_USAGE = YES_ERROR;
				CLANG_WARN_EMPTY_BODY = YES;
				CLANG_WARN_ENUM_CONVERSION = YES;
				CLANG_WARN_INT_CONVERSION = YES;
				CLANG_WARN_OBJC_ROOT_CLASS = YES_ERROR;
				CLANG_WARN_UNREACHABLE_CODE = YES;
				CLANG_WARN__DUPLICATE_METHOD_MATCH = YES;
				"CODE_SIGN_IDENTITY[sdk=iphoneos*]" = "iPhone Developer";
				COPY_PHASE_STRIP = NO;
				DEBUG_INFORMATION_FORMAT = "dwarf-with-dsym";
				ENABLE_NS_ASSERTIONS = NO;
				ENABLE_STRICT_OBJC_MSGSEND = YES;
				GCC_C_LANGUAGE_STANDARD = gnu99;
				GCC_NO_COMMON_BLOCKS = YES;
				GCC_WARN_64_TO_32_BIT_CONVERSION = YES;
				GCC_WARN_ABOUT_RETURN_TYPE = YES_ERROR;
				GCC_WARN_UNDECLARED_SELECTOR = YES;
				GCC_WARN_UNINITIALIZED_AUTOS = YES_AGGRESSIVE;
				GCC_WARN_UNUSED_FUNCTION = YES;
				GCC_WARN_UNUSED_VARIABLE = YES;
				IPHONEOS_DEPLOYMENT_TARGET = 8.4;
				MTL_ENABLE_DEBUG_INFO = NO;
				SDKROOT = iphoneos;
				TARGETED_DEVICE_FAMILY = "1,2";
				VALIDATE_PRODUCT = YES;
			};
			name = Release;
		};
		5483BEEB1B95FAA70037359C /* Debug */ = {
			isa = XCBuildConfiguration;
			baseConfigurationReference = 4ACE5D80873F6774CFD230B8 /* Pods.debug.xcconfig */;
			buildSettings = {
				ASSETCATALOG_COMPILER_APPICON_NAME = AppIcon;
				INFOPLIST_FILE = Immerse/Info.plist;
				LD_RUNPATH_SEARCH_PATHS = "$(inherited) @executable_path/Frameworks";
				PRODUCT_NAME = "$(TARGET_NAME)";
			};
			name = Debug;
		};
		5483BEEC1B95FAA70037359C /* Release */ = {
			isa = XCBuildConfiguration;
			baseConfigurationReference = 0C4E41121568ECD7C159A32C /* Pods.release.xcconfig */;
			buildSettings = {
				ASSETCATALOG_COMPILER_APPICON_NAME = AppIcon;
				INFOPLIST_FILE = Immerse/Info.plist;
				LD_RUNPATH_SEARCH_PATHS = "$(inherited) @executable_path/Frameworks";
				PRODUCT_NAME = "$(TARGET_NAME)";
			};
			name = Release;
		};
		5483BEEE1B95FAA70037359C /* Debug */ = {
			isa = XCBuildConfiguration;
			buildSettings = {
				BUNDLE_LOADER = "$(TEST_HOST)";
				FRAMEWORK_SEARCH_PATHS = (
					"$(SDKROOT)/Developer/Library/Frameworks",
					"$(inherited)",
				);
				GCC_PREPROCESSOR_DEFINITIONS = (
					"DEBUG=1",
					"$(inherited)",
				);
				INFOPLIST_FILE = ImmerseTests/Info.plist;
				LD_RUNPATH_SEARCH_PATHS = "$(inherited) @executable_path/Frameworks @loader_path/Frameworks";
				PRODUCT_NAME = "$(TARGET_NAME)";
				TEST_HOST = "$(BUILT_PRODUCTS_DIR)/Immerse.app/Immerse";
			};
			name = Debug;
		};
		5483BEEF1B95FAA70037359C /* Release */ = {
			isa = XCBuildConfiguration;
			buildSettings = {
				BUNDLE_LOADER = "$(TEST_HOST)";
				FRAMEWORK_SEARCH_PATHS = (
					"$(SDKROOT)/Developer/Library/Frameworks",
					"$(inherited)",
				);
				INFOPLIST_FILE = ImmerseTests/Info.plist;
				LD_RUNPATH_SEARCH_PATHS = "$(inherited) @executable_path/Frameworks @loader_path/Frameworks";
				PRODUCT_NAME = "$(TARGET_NAME)";
				TEST_HOST = "$(BUILT_PRODUCTS_DIR)/Immerse.app/Immerse";
			};
			name = Release;
		};
/* End XCBuildConfiguration section */

/* Begin XCConfigurationList section */
		5483BEC61B95FAA70037359C /* Build configuration list for PBXProject "Immerse" */ = {
			isa = XCConfigurationList;
			buildConfigurations = (
				5483BEE81B95FAA70037359C /* Debug */,
				5483BEE91B95FAA70037359C /* Release */,
			);
			defaultConfigurationIsVisible = 0;
			defaultConfigurationName = Release;
		};
		5483BEEA1B95FAA70037359C /* Build configuration list for PBXNativeTarget "Immerse" */ = {
			isa = XCConfigurationList;
			buildConfigurations = (
				5483BEEB1B95FAA70037359C /* Debug */,
				5483BEEC1B95FAA70037359C /* Release */,
			);
			defaultConfigurationIsVisible = 0;
			defaultConfigurationName = Release;
		};
		5483BEED1B95FAA70037359C /* Build configuration list for PBXNativeTarget "ImmerseTests" */ = {
			isa = XCConfigurationList;
			buildConfigurations = (
				5483BEEE1B95FAA70037359C /* Debug */,
				5483BEEF1B95FAA70037359C /* Release */,
			);
			defaultConfigurationIsVisible = 0;
			defaultConfigurationName = Release;
		};
/* End XCConfigurationList section */
	};
	rootObject = 5483BEC31B95FAA70037359C /* Project object */;
}
