// !$*UTF8*$!
{
	archiveVersion = 1;
	classes = {
	};
	objectVersion = 46;
	objects = {

/* Begin PBXBuildFile section */
		5416DA841BF3051C00EA28B8 /* RAObject.swift in Sources */ = {isa = PBXBuildFile; fileRef = 5416DA831BF3051C00EA28B8 /* RAObject.swift */; };
		5416DA861BF30CB400EA28B8 /* RAService.swift in Sources */ = {isa = PBXBuildFile; fileRef = 5416DA851BF30CB400EA28B8 /* RAService.swift */; };
		5425CD401BD9F4990047A8AD /* RealmService.swift in Sources */ = {isa = PBXBuildFile; fileRef = 5425CD3F1BD9F4990047A8AD /* RealmService.swift */; };
		546794B71BD0CA6A0062FAFB /* HomeView.swift in Sources */ = {isa = PBXBuildFile; fileRef = 546794B61BD0CA6A0062FAFB /* HomeView.swift */; };
		546794B91BD0CA8A0062FAFB /* LibraryView.swift in Sources */ = {isa = PBXBuildFile; fileRef = 546794B81BD0CA8A0062FAFB /* LibraryView.swift */; };
		546794BB1BD0CA9C0062FAFB /* TagsView.swift in Sources */ = {isa = PBXBuildFile; fileRef = 546794BA1BD0CA9C0062FAFB /* TagsView.swift */; };
		546794BD1BD0CAAF0062FAFB /* NotesView.swift in Sources */ = {isa = PBXBuildFile; fileRef = 546794BC1BD0CAAF0062FAFB /* NotesView.swift */; };
		546794BF1BD0CAC20062FAFB /* CrossRefView.swift in Sources */ = {isa = PBXBuildFile; fileRef = 546794BE1BD0CAC20062FAFB /* CrossRefView.swift */; };
		546794C11BD0CAD10062FAFB /* SettingsView.swift in Sources */ = {isa = PBXBuildFile; fileRef = 546794C01BD0CAD10062FAFB /* SettingsView.swift */; };
		546794C31BD0CB140062FAFB /* ReaderView.swift in Sources */ = {isa = PBXBuildFile; fileRef = 546794C21BD0CB140062FAFB /* ReaderView.swift */; };
		546794C51BD0CB760062FAFB /* HomePresenter.swift in Sources */ = {isa = PBXBuildFile; fileRef = 546794C41BD0CB760062FAFB /* HomePresenter.swift */; };
		546794C71BD0CB800062FAFB /* HomeInteractor.swift in Sources */ = {isa = PBXBuildFile; fileRef = 546794C61BD0CB800062FAFB /* HomeInteractor.swift */; };
		546794CA1BD0CBA40062FAFB /* LibraryPresenter.swift in Sources */ = {isa = PBXBuildFile; fileRef = 546794C91BD0CBA40062FAFB /* LibraryPresenter.swift */; };
		546794CC1BD0CBAE0062FAFB /* LibraryInteractor.swift in Sources */ = {isa = PBXBuildFile; fileRef = 546794CB1BD0CBAE0062FAFB /* LibraryInteractor.swift */; };
		546794CF1BD0CBBF0062FAFB /* TagsPresenter.swift in Sources */ = {isa = PBXBuildFile; fileRef = 546794CE1BD0CBBF0062FAFB /* TagsPresenter.swift */; };
		546794D11BD0CBC80062FAFB /* TagsInteractor.swift in Sources */ = {isa = PBXBuildFile; fileRef = 546794D01BD0CBC80062FAFB /* TagsInteractor.swift */; };
		546794D41BD0CBD90062FAFB /* NotesPresenter.swift in Sources */ = {isa = PBXBuildFile; fileRef = 546794D31BD0CBD90062FAFB /* NotesPresenter.swift */; };
		546794D61BD0CBE20062FAFB /* NotesInteractor.swift in Sources */ = {isa = PBXBuildFile; fileRef = 546794D51BD0CBE20062FAFB /* NotesInteractor.swift */; };
		546794D91BD0CBF20062FAFB /* CrossRefPresenter.swift in Sources */ = {isa = PBXBuildFile; fileRef = 546794D81BD0CBF20062FAFB /* CrossRefPresenter.swift */; };
		546794DB1BD0CBFD0062FAFB /* CrossRefInteractor.swift in Sources */ = {isa = PBXBuildFile; fileRef = 546794DA1BD0CBFD0062FAFB /* CrossRefInteractor.swift */; };
		546794DE1BD0CC0E0062FAFB /* SettingsPresenter.swift in Sources */ = {isa = PBXBuildFile; fileRef = 546794DD1BD0CC0E0062FAFB /* SettingsPresenter.swift */; };
		546794E01BD0CC180062FAFB /* SettingsInteractor.swift in Sources */ = {isa = PBXBuildFile; fileRef = 546794DF1BD0CC180062FAFB /* SettingsInteractor.swift */; };
		546794E31BD0CC280062FAFB /* ReaderPresenter.swift in Sources */ = {isa = PBXBuildFile; fileRef = 546794E21BD0CC280062FAFB /* ReaderPresenter.swift */; };
		546794E51BD0CC330062FAFB /* ReaderInteractor.swift in Sources */ = {isa = PBXBuildFile; fileRef = 546794E41BD0CC330062FAFB /* ReaderInteractor.swift */; };
		546794E81BD0CC490062FAFB /* DataManager.swift in Sources */ = {isa = PBXBuildFile; fileRef = 546794E71BD0CC490062FAFB /* DataManager.swift */; };
		546794EA1BD0CC620062FAFB /* WritingService.swift in Sources */ = {isa = PBXBuildFile; fileRef = 546794E91BD0CC620062FAFB /* WritingService.swift */; };
		546794EC1BD0CC6F0062FAFB /* TagService.swift in Sources */ = {isa = PBXBuildFile; fileRef = 546794EB1BD0CC6F0062FAFB /* TagService.swift */; };
		546794EE1BD0CC780062FAFB /* NotesService.swift in Sources */ = {isa = PBXBuildFile; fileRef = 546794ED1BD0CC780062FAFB /* NotesService.swift */; };
		546794F01BD0CC830062FAFB /* CrossRefService.swift in Sources */ = {isa = PBXBuildFile; fileRef = 546794EF1BD0CC830062FAFB /* CrossRefService.swift */; };
		546794F21BD0CC9A0062FAFB /* UserService.swift in Sources */ = {isa = PBXBuildFile; fileRef = 546794F11BD0CC9A0062FAFB /* UserService.swift */; };
		546794F51BD0CCBE0062FAFB /* Writing.swift in Sources */ = {isa = PBXBuildFile; fileRef = 546794F41BD0CCBE0062FAFB /* Writing.swift */; };
		546794F71BD0CCCA0062FAFB /* Note.swift in Sources */ = {isa = PBXBuildFile; fileRef = 546794F61BD0CCCA0062FAFB /* Note.swift */; };
		546794F91BD0CCD40062FAFB /* Tag.swift in Sources */ = {isa = PBXBuildFile; fileRef = 546794F81BD0CCD40062FAFB /* Tag.swift */; };
		546794FB1BD0CCDE0062FAFB /* CrossRef.swift in Sources */ = {isa = PBXBuildFile; fileRef = 546794FA1BD0CCDE0062FAFB /* CrossRef.swift */; };
		546794FD1BD0CD130062FAFB /* Progress.swift in Sources */ = {isa = PBXBuildFile; fileRef = 546794FC1BD0CD130062FAFB /* Progress.swift */; };
		546795001BD0CD370062FAFB /* ShareService.swift in Sources */ = {isa = PBXBuildFile; fileRef = 546794FF1BD0CD370062FAFB /* ShareService.swift */; };
		546795021BD0CD4F0062FAFB /* Activity.swift in Sources */ = {isa = PBXBuildFile; fileRef = 546795011BD0CD4F0062FAFB /* Activity.swift */; };
		546795041BD0CD5B0062FAFB /* AnalyticsService.swift in Sources */ = {isa = PBXBuildFile; fileRef = 546795031BD0CD5B0062FAFB /* AnalyticsService.swift */; };
		546795061BD0CFF20062FAFB /* NavTray.swift in Sources */ = {isa = PBXBuildFile; fileRef = 546795051BD0CFF20062FAFB /* NavTray.swift */; };
		546795081BD0D00E0062FAFB /* Util.swift in Sources */ = {isa = PBXBuildFile; fileRef = 546795071BD0D00E0062FAFB /* Util.swift */; };
		5467950A1BD1EC9E0062FAFB /* menu.png in Resources */ = {isa = PBXBuildFile; fileRef = 546795091BD1EC9E0062FAFB /* menu.png */; };
		546795151BD32F6B0062FAFB /* 1 - Bahá’í in Resources */ = {isa = PBXBuildFile; fileRef = 5467950E1BD32F6B0062FAFB /* 1 - Bahá’í */; };
		546795161BD32F6B0062FAFB /* 2 - Buddhist in Resources */ = {isa = PBXBuildFile; fileRef = 5467950F1BD32F6B0062FAFB /* 2 - Buddhist */; };
		546795171BD32F6B0062FAFB /* 4 - Hindu in Resources */ = {isa = PBXBuildFile; fileRef = 546795101BD32F6B0062FAFB /* 4 - Hindu */; };
		546795181BD32F6B0062FAFB /* 5 - Islamic in Resources */ = {isa = PBXBuildFile; fileRef = 546795111BD32F6B0062FAFB /* 5 - Islamic */; };
		546795191BD32F6B0062FAFB /* 6 - Jewish in Resources */ = {isa = PBXBuildFile; fileRef = 546795121BD32F6B0062FAFB /* 6 - Jewish */; };
		5467951A1BD32F6B0062FAFB /* 7 - Zoroastrian in Resources */ = {isa = PBXBuildFile; fileRef = 546795131BD32F6B0062FAFB /* 7 - Zoroastrian */; };
		5467951B1BD32F6B0062FAFB /* 8 - More in Resources */ = {isa = PBXBuildFile; fileRef = 546795141BD32F6B0062FAFB /* 8 - More */; };
		5483BED11B95FAA70037359C /* AppDelegate.swift in Sources */ = {isa = PBXBuildFile; fileRef = 5483BED01B95FAA70037359C /* AppDelegate.swift */; };
		5483BED61B95FAA70037359C /* Main.storyboard in Resources */ = {isa = PBXBuildFile; fileRef = 5483BED41B95FAA70037359C /* Main.storyboard */; };
		5483BED81B95FAA70037359C /* Images.xcassets in Resources */ = {isa = PBXBuildFile; fileRef = 5483BED71B95FAA70037359C /* Images.xcassets */; };
		5483BEDB1B95FAA70037359C /* LaunchScreen.xib in Resources */ = {isa = PBXBuildFile; fileRef = 5483BED91B95FAA70037359C /* LaunchScreen.xib */; };
		5483BEE71B95FAA70037359C /* ImmerseTests.swift in Sources */ = {isa = PBXBuildFile; fileRef = 5483BEE61B95FAA70037359C /* ImmerseTests.swift */; };
		548476511BF66235004374B5 /* LibraryCell.xib in Resources */ = {isa = PBXBuildFile; fileRef = 548476501BF66235004374B5 /* LibraryCell.xib */; };
		54E5D74F1BDD6930009F3665 /* Icon-40.png in Resources */ = {isa = PBXBuildFile; fileRef = 54E5D7451BDD6930009F3665 /* Icon-40.png */; };
		54E5D7501BDD6930009F3665 /* Icon-40@2x.png in Resources */ = {isa = PBXBuildFile; fileRef = 54E5D7461BDD6930009F3665 /* Icon-40@2x.png */; };
		54E5D7511BDD6930009F3665 /* Icon-40@3x.png in Resources */ = {isa = PBXBuildFile; fileRef = 54E5D7471BDD6930009F3665 /* Icon-40@3x.png */; };
		54E5D7521BDD6930009F3665 /* Icon-60@2x.png in Resources */ = {isa = PBXBuildFile; fileRef = 54E5D7481BDD6930009F3665 /* Icon-60@2x.png */; };
		54E5D7531BDD6930009F3665 /* Icon-60@3x.png in Resources */ = {isa = PBXBuildFile; fileRef = 54E5D7491BDD6930009F3665 /* Icon-60@3x.png */; };
		54E5D7541BDD6930009F3665 /* Icon-76.png in Resources */ = {isa = PBXBuildFile; fileRef = 54E5D74A1BDD6930009F3665 /* Icon-76.png */; };
		54E5D7551BDD6930009F3665 /* Icon-76@2x.png in Resources */ = {isa = PBXBuildFile; fileRef = 54E5D74B1BDD6930009F3665 /* Icon-76@2x.png */; };
		54E5D7561BDD6930009F3665 /* Icon-Small.png in Resources */ = {isa = PBXBuildFile; fileRef = 54E5D74C1BDD6930009F3665 /* Icon-Small.png */; };
		54E5D7571BDD6930009F3665 /* Icon-Small@2x.png in Resources */ = {isa = PBXBuildFile; fileRef = 54E5D74D1BDD6930009F3665 /* Icon-Small@2x.png */; };
		54E5D7581BDD6930009F3665 /* Icon-Small@3x.png in Resources */ = {isa = PBXBuildFile; fileRef = 54E5D74E1BDD6930009F3665 /* Icon-Small@3x.png */; };
		54E5D75C1BE33463009F3665 /* Test.m in Sources */ = {isa = PBXBuildFile; fileRef = 54E5D75B1BE33463009F3665 /* Test.m */; };
		54FFC3E01BF7C62B0041458D /* ReaderTagsAccessory.xib in Resources */ = {isa = PBXBuildFile; fileRef = 54FFC3DF1BF7C62B0041458D /* ReaderTagsAccessory.xib */; };
		54FFC3E21BF8268E0041458D /* ReaderNotesAccessory.xib in Resources */ = {isa = PBXBuildFile; fileRef = 54FFC3E11BF8268E0041458D /* ReaderNotesAccessory.xib */; };
		54FFC3E41BF829540041458D /* ReaderXRefsAccessory.xib in Resources */ = {isa = PBXBuildFile; fileRef = 54FFC3E31BF829540041458D /* ReaderXRefsAccessory.xib */; };
		54FFC3E61BF82C140041458D /* QuartzCore.framework in Frameworks */ = {isa = PBXBuildFile; fileRef = 54FFC3E51BF82C140041458D /* QuartzCore.framework */; };
		54FFC3E81BF84A970041458D /* ActivityService.swift in Sources */ = {isa = PBXBuildFile; fileRef = 54FFC3E71BF84A970041458D /* ActivityService.swift */; };
		E91A37593168B2754A6BC431 /* Pods.framework in Frameworks */ = {isa = PBXBuildFile; fileRef = 9104F0529718EC07A125BDFE /* Pods.framework */; };
/* End PBXBuildFile section */

/* Begin PBXContainerItemProxy section */
		5483BEE11B95FAA70037359C /* PBXContainerItemProxy */ = {
			isa = PBXContainerItemProxy;
			containerPortal = 5483BEC31B95FAA70037359C /* Project object */;
			proxyType = 1;
			remoteGlobalIDString = 5483BECA1B95FAA70037359C;
			remoteInfo = Immerse;
		};
/* End PBXContainerItemProxy section */

/* Begin PBXFileReference section */
		0C4E41121568ECD7C159A32C /* Pods.release.xcconfig */ = {isa = PBXFileReference; includeInIndex = 1; lastKnownFileType = text.xcconfig; name = Pods.release.xcconfig; path = "Pods/Target Support Files/Pods/Pods.release.xcconfig"; sourceTree = "<group>"; };
		4ACE5D80873F6774CFD230B8 /* Pods.debug.xcconfig */ = {isa = PBXFileReference; includeInIndex = 1; lastKnownFileType = text.xcconfig; name = Pods.debug.xcconfig; path = "Pods/Target Support Files/Pods/Pods.debug.xcconfig"; sourceTree = "<group>"; };
		5416DA831BF3051C00EA28B8 /* RAObject.swift */ = {isa = PBXFileReference; fileEncoding = 4; lastKnownFileType = sourcecode.swift; path = RAObject.swift; sourceTree = "<group>"; };
		5416DA851BF30CB400EA28B8 /* RAService.swift */ = {isa = PBXFileReference; fileEncoding = 4; lastKnownFileType = sourcecode.swift; path = RAService.swift; sourceTree = "<group>"; };
		5425CD3F1BD9F4990047A8AD /* RealmService.swift */ = {isa = PBXFileReference; fileEncoding = 4; lastKnownFileType = sourcecode.swift; path = RealmService.swift; sourceTree = "<group>"; };
		546794B61BD0CA6A0062FAFB /* HomeView.swift */ = {isa = PBXFileReference; fileEncoding = 4; lastKnownFileType = sourcecode.swift; path = HomeView.swift; sourceTree = "<group>"; };
		546794B81BD0CA8A0062FAFB /* LibraryView.swift */ = {isa = PBXFileReference; fileEncoding = 4; lastKnownFileType = sourcecode.swift; path = LibraryView.swift; sourceTree = "<group>"; };
		546794BA1BD0CA9C0062FAFB /* TagsView.swift */ = {isa = PBXFileReference; fileEncoding = 4; lastKnownFileType = sourcecode.swift; path = TagsView.swift; sourceTree = "<group>"; };
		546794BC1BD0CAAF0062FAFB /* NotesView.swift */ = {isa = PBXFileReference; fileEncoding = 4; lastKnownFileType = sourcecode.swift; path = NotesView.swift; sourceTree = "<group>"; };
		546794BE1BD0CAC20062FAFB /* CrossRefView.swift */ = {isa = PBXFileReference; fileEncoding = 4; lastKnownFileType = sourcecode.swift; path = CrossRefView.swift; sourceTree = "<group>"; };
		546794C01BD0CAD10062FAFB /* SettingsView.swift */ = {isa = PBXFileReference; fileEncoding = 4; lastKnownFileType = sourcecode.swift; path = SettingsView.swift; sourceTree = "<group>"; };
		546794C21BD0CB140062FAFB /* ReaderView.swift */ = {isa = PBXFileReference; fileEncoding = 4; lastKnownFileType = sourcecode.swift; path = ReaderView.swift; sourceTree = "<group>"; };
		546794C41BD0CB760062FAFB /* HomePresenter.swift */ = {isa = PBXFileReference; fileEncoding = 4; lastKnownFileType = sourcecode.swift; path = HomePresenter.swift; sourceTree = "<group>"; };
		546794C61BD0CB800062FAFB /* HomeInteractor.swift */ = {isa = PBXFileReference; fileEncoding = 4; lastKnownFileType = sourcecode.swift; path = HomeInteractor.swift; sourceTree = "<group>"; };
		546794C91BD0CBA40062FAFB /* LibraryPresenter.swift */ = {isa = PBXFileReference; fileEncoding = 4; lastKnownFileType = sourcecode.swift; path = LibraryPresenter.swift; sourceTree = "<group>"; };
		546794CB1BD0CBAE0062FAFB /* LibraryInteractor.swift */ = {isa = PBXFileReference; fileEncoding = 4; lastKnownFileType = sourcecode.swift; path = LibraryInteractor.swift; sourceTree = "<group>"; };
		546794CE1BD0CBBF0062FAFB /* TagsPresenter.swift */ = {isa = PBXFileReference; fileEncoding = 4; lastKnownFileType = sourcecode.swift; path = TagsPresenter.swift; sourceTree = "<group>"; };
		546794D01BD0CBC80062FAFB /* TagsInteractor.swift */ = {isa = PBXFileReference; fileEncoding = 4; lastKnownFileType = sourcecode.swift; path = TagsInteractor.swift; sourceTree = "<group>"; };
		546794D31BD0CBD90062FAFB /* NotesPresenter.swift */ = {isa = PBXFileReference; fileEncoding = 4; lastKnownFileType = sourcecode.swift; path = NotesPresenter.swift; sourceTree = "<group>"; };
		546794D51BD0CBE20062FAFB /* NotesInteractor.swift */ = {isa = PBXFileReference; fileEncoding = 4; lastKnownFileType = sourcecode.swift; path = NotesInteractor.swift; sourceTree = "<group>"; };
		546794D81BD0CBF20062FAFB /* CrossRefPresenter.swift */ = {isa = PBXFileReference; fileEncoding = 4; lastKnownFileType = sourcecode.swift; path = CrossRefPresenter.swift; sourceTree = "<group>"; };
		546794DA1BD0CBFD0062FAFB /* CrossRefInteractor.swift */ = {isa = PBXFileReference; fileEncoding = 4; lastKnownFileType = sourcecode.swift; path = CrossRefInteractor.swift; sourceTree = "<group>"; };
		546794DD1BD0CC0E0062FAFB /* SettingsPresenter.swift */ = {isa = PBXFileReference; fileEncoding = 4; lastKnownFileType = sourcecode.swift; path = SettingsPresenter.swift; sourceTree = "<group>"; };
		546794DF1BD0CC180062FAFB /* SettingsInteractor.swift */ = {isa = PBXFileReference; fileEncoding = 4; lastKnownFileType = sourcecode.swift; path = SettingsInteractor.swift; sourceTree = "<group>"; };
		546794E21BD0CC280062FAFB /* ReaderPresenter.swift */ = {isa = PBXFileReference; fileEncoding = 4; lastKnownFileType = sourcecode.swift; path = ReaderPresenter.swift; sourceTree = "<group>"; };
		546794E41BD0CC330062FAFB /* ReaderInteractor.swift */ = {isa = PBXFileReference; fileEncoding = 4; lastKnownFileType = sourcecode.swift; path = ReaderInteractor.swift; sourceTree = "<group>"; };
		546794E71BD0CC490062FAFB /* DataManager.swift */ = {isa = PBXFileReference; fileEncoding = 4; lastKnownFileType = sourcecode.swift; path = DataManager.swift; sourceTree = "<group>"; };
		546794E91BD0CC620062FAFB /* WritingService.swift */ = {isa = PBXFileReference; fileEncoding = 4; lastKnownFileType = sourcecode.swift; path = WritingService.swift; sourceTree = "<group>"; };
		546794EB1BD0CC6F0062FAFB /* TagService.swift */ = {isa = PBXFileReference; fileEncoding = 4; lastKnownFileType = sourcecode.swift; path = TagService.swift; sourceTree = "<group>"; };
		546794ED1BD0CC780062FAFB /* NotesService.swift */ = {isa = PBXFileReference; fileEncoding = 4; lastKnownFileType = sourcecode.swift; path = NotesService.swift; sourceTree = "<group>"; };
		546794EF1BD0CC830062FAFB /* CrossRefService.swift */ = {isa = PBXFileReference; fileEncoding = 4; lastKnownFileType = sourcecode.swift; path = CrossRefService.swift; sourceTree = "<group>"; };
		546794F11BD0CC9A0062FAFB /* UserService.swift */ = {isa = PBXFileReference; fileEncoding = 4; lastKnownFileType = sourcecode.swift; path = UserService.swift; sourceTree = "<group>"; };
		546794F41BD0CCBE0062FAFB /* Writing.swift */ = {isa = PBXFileReference; fileEncoding = 4; lastKnownFileType = sourcecode.swift; path = Writing.swift; sourceTree = "<group>"; };
		546794F61BD0CCCA0062FAFB /* Note.swift */ = {isa = PBXFileReference; fileEncoding = 4; lastKnownFileType = sourcecode.swift; path = Note.swift; sourceTree = "<group>"; };
		546794F81BD0CCD40062FAFB /* Tag.swift */ = {isa = PBXFileReference; fileEncoding = 4; lastKnownFileType = sourcecode.swift; path = Tag.swift; sourceTree = "<group>"; };
		546794FA1BD0CCDE0062FAFB /* CrossRef.swift */ = {isa = PBXFileReference; fileEncoding = 4; lastKnownFileType = sourcecode.swift; path = CrossRef.swift; sourceTree = "<group>"; };
		546794FC1BD0CD130062FAFB /* Progress.swift */ = {isa = PBXFileReference; fileEncoding = 4; lastKnownFileType = sourcecode.swift; path = Progress.swift; sourceTree = "<group>"; };
		546794FF1BD0CD370062FAFB /* ShareService.swift */ = {isa = PBXFileReference; fileEncoding = 4; lastKnownFileType = sourcecode.swift; path = ShareService.swift; sourceTree = "<group>"; };
		546795011BD0CD4F0062FAFB /* Activity.swift */ = {isa = PBXFileReference; fileEncoding = 4; lastKnownFileType = sourcecode.swift; path = Activity.swift; sourceTree = "<group>"; };
		546795031BD0CD5B0062FAFB /* AnalyticsService.swift */ = {isa = PBXFileReference; fileEncoding = 4; lastKnownFileType = sourcecode.swift; path = AnalyticsService.swift; sourceTree = "<group>"; };
		546795051BD0CFF20062FAFB /* NavTray.swift */ = {isa = PBXFileReference; fileEncoding = 4; lastKnownFileType = sourcecode.swift; path = NavTray.swift; sourceTree = "<group>"; };
		546795071BD0D00E0062FAFB /* Util.swift */ = {isa = PBXFileReference; fileEncoding = 4; lastKnownFileType = sourcecode.swift; path = Util.swift; sourceTree = "<group>"; };
		546795091BD1EC9E0062FAFB /* menu.png */ = {isa = PBXFileReference; lastKnownFileType = image.png; path = menu.png; sourceTree = "<group>"; };
		5467950E1BD32F6B0062FAFB /* 1 - Bahá’í */ = {isa = PBXFileReference; lastKnownFileType = folder; path = "1 - Bahá’í"; sourceTree = "<group>"; };
		5467950F1BD32F6B0062FAFB /* 2 - Buddhist */ = {isa = PBXFileReference; lastKnownFileType = folder; path = "2 - Buddhist"; sourceTree = "<group>"; };
		546795101BD32F6B0062FAFB /* 4 - Hindu */ = {isa = PBXFileReference; lastKnownFileType = folder; path = "4 - Hindu"; sourceTree = "<group>"; };
		546795111BD32F6B0062FAFB /* 5 - Islamic */ = {isa = PBXFileReference; lastKnownFileType = folder; path = "5 - Islamic"; sourceTree = "<group>"; };
		546795121BD32F6B0062FAFB /* 6 - Jewish */ = {isa = PBXFileReference; lastKnownFileType = folder; path = "6 - Jewish"; sourceTree = "<group>"; };
		546795131BD32F6B0062FAFB /* 7 - Zoroastrian */ = {isa = PBXFileReference; lastKnownFileType = folder; path = "7 - Zoroastrian"; sourceTree = "<group>"; };
		546795141BD32F6B0062FAFB /* 8 - More */ = {isa = PBXFileReference; lastKnownFileType = folder; path = "8 - More"; sourceTree = "<group>"; };
		5483BECB1B95FAA70037359C /* Immerse.app */ = {isa = PBXFileReference; explicitFileType = wrapper.application; includeInIndex = 0; path = Immerse.app; sourceTree = BUILT_PRODUCTS_DIR; };
		5483BECF1B95FAA70037359C /* Info.plist */ = {isa = PBXFileReference; lastKnownFileType = text.plist.xml; path = Info.plist; sourceTree = "<group>"; };
		5483BED01B95FAA70037359C /* AppDelegate.swift */ = {isa = PBXFileReference; lastKnownFileType = sourcecode.swift; path = AppDelegate.swift; sourceTree = "<group>"; };
		5483BED51B95FAA70037359C /* Base */ = {isa = PBXFileReference; lastKnownFileType = file.storyboard; name = Base; path = Base.lproj/Main.storyboard; sourceTree = "<group>"; };
		5483BED71B95FAA70037359C /* Images.xcassets */ = {isa = PBXFileReference; lastKnownFileType = folder.assetcatalog; path = Images.xcassets; sourceTree = "<group>"; };
		5483BEDA1B95FAA70037359C /* Base */ = {isa = PBXFileReference; lastKnownFileType = file.xib; name = Base; path = Base.lproj/LaunchScreen.xib; sourceTree = "<group>"; };
		5483BEE01B95FAA70037359C /* ImmerseTests.xctest */ = {isa = PBXFileReference; explicitFileType = wrapper.cfbundle; includeInIndex = 0; path = ImmerseTests.xctest; sourceTree = BUILT_PRODUCTS_DIR; };
		5483BEE51B95FAA70037359C /* Info.plist */ = {isa = PBXFileReference; lastKnownFileType = text.plist.xml; path = Info.plist; sourceTree = "<group>"; };
		5483BEE61B95FAA70037359C /* ImmerseTests.swift */ = {isa = PBXFileReference; lastKnownFileType = sourcecode.swift; path = ImmerseTests.swift; sourceTree = "<group>"; };
		548476501BF66235004374B5 /* LibraryCell.xib */ = {isa = PBXFileReference; fileEncoding = 4; lastKnownFileType = file.xib; path = LibraryCell.xib; sourceTree = "<group>"; };
		54E5D7451BDD6930009F3665 /* Icon-40.png */ = {isa = PBXFileReference; lastKnownFileType = image.png; path = "Icon-40.png"; sourceTree = "<group>"; };
		54E5D7461BDD6930009F3665 /* Icon-40@2x.png */ = {isa = PBXFileReference; lastKnownFileType = image.png; path = "Icon-40@2x.png"; sourceTree = "<group>"; };
		54E5D7471BDD6930009F3665 /* Icon-40@3x.png */ = {isa = PBXFileReference; lastKnownFileType = image.png; path = "Icon-40@3x.png"; sourceTree = "<group>"; };
		54E5D7481BDD6930009F3665 /* Icon-60@2x.png */ = {isa = PBXFileReference; lastKnownFileType = image.png; path = "Icon-60@2x.png"; sourceTree = "<group>"; };
		54E5D7491BDD6930009F3665 /* Icon-60@3x.png */ = {isa = PBXFileReference; lastKnownFileType = image.png; path = "Icon-60@3x.png"; sourceTree = "<group>"; };
		54E5D74A1BDD6930009F3665 /* Icon-76.png */ = {isa = PBXFileReference; lastKnownFileType = image.png; path = "Icon-76.png"; sourceTree = "<group>"; };
		54E5D74B1BDD6930009F3665 /* Icon-76@2x.png */ = {isa = PBXFileReference; lastKnownFileType = image.png; path = "Icon-76@2x.png"; sourceTree = "<group>"; };
		54E5D74C1BDD6930009F3665 /* Icon-Small.png */ = {isa = PBXFileReference; lastKnownFileType = image.png; path = "Icon-Small.png"; sourceTree = "<group>"; };
		54E5D74D1BDD6930009F3665 /* Icon-Small@2x.png */ = {isa = PBXFileReference; lastKnownFileType = image.png; path = "Icon-Small@2x.png"; sourceTree = "<group>"; };
		54E5D74E1BDD6930009F3665 /* Icon-Small@3x.png */ = {isa = PBXFileReference; lastKnownFileType = image.png; path = "Icon-Small@3x.png"; sourceTree = "<group>"; };
		54E5D7591BE33462009F3665 /* Immerse-Bridging-Header.h */ = {isa = PBXFileReference; lastKnownFileType = sourcecode.c.h; path = "Immerse-Bridging-Header.h"; sourceTree = "<group>"; };
		54E5D75A1BE33463009F3665 /* Test.h */ = {isa = PBXFileReference; fileEncoding = 4; lastKnownFileType = sourcecode.c.h; path = Test.h; sourceTree = "<group>"; };
		54E5D75B1BE33463009F3665 /* Test.m */ = {isa = PBXFileReference; fileEncoding = 4; lastKnownFileType = sourcecode.c.objc; path = Test.m; sourceTree = "<group>"; };
		54FFC3DF1BF7C62B0041458D /* ReaderTagsAccessory.xib */ = {isa = PBXFileReference; fileEncoding = 4; lastKnownFileType = file.xib; path = ReaderTagsAccessory.xib; sourceTree = "<group>"; };
		54FFC3E11BF8268E0041458D /* ReaderNotesAccessory.xib */ = {isa = PBXFileReference; fileEncoding = 4; lastKnownFileType = file.xib; path = ReaderNotesAccessory.xib; sourceTree = "<group>"; };
		54FFC3E31BF829540041458D /* ReaderXRefsAccessory.xib */ = {isa = PBXFileReference; fileEncoding = 4; lastKnownFileType = file.xib; path = ReaderXRefsAccessory.xib; sourceTree = "<group>"; };
		54FFC3E51BF82C140041458D /* QuartzCore.framework */ = {isa = PBXFileReference; lastKnownFileType = wrapper.framework; name = QuartzCore.framework; path = System/Library/Frameworks/QuartzCore.framework; sourceTree = SDKROOT; };
		54FFC3E71BF84A970041458D /* ActivityService.swift */ = {isa = PBXFileReference; fileEncoding = 4; lastKnownFileType = sourcecode.swift; path = ActivityService.swift; sourceTree = "<group>"; };
		9104F0529718EC07A125BDFE /* Pods.framework */ = {isa = PBXFileReference; explicitFileType = wrapper.framework; includeInIndex = 0; path = Pods.framework; sourceTree = BUILT_PRODUCTS_DIR; };
/* End PBXFileReference section */

/* Begin PBXFrameworksBuildPhase section */
		5483BEC81B95FAA70037359C /* Frameworks */ = {
			isa = PBXFrameworksBuildPhase;
			buildActionMask = 2147483647;
			files = (
				54FFC3E61BF82C140041458D /* QuartzCore.framework in Frameworks */,
				E91A37593168B2754A6BC431 /* Pods.framework in Frameworks */,
			);
			runOnlyForDeploymentPostprocessing = 0;
		};
		5483BEDD1B95FAA70037359C /* Frameworks */ = {
			isa = PBXFrameworksBuildPhase;
			buildActionMask = 2147483647;
			files = (
			);
			runOnlyForDeploymentPostprocessing = 0;
		};
/* End PBXFrameworksBuildPhase section */

/* Begin PBXGroup section */
		14B5686426E505E40FB7BDFF /* Frameworks */ = {
			isa = PBXGroup;
			children = (
				54FFC3E51BF82C140041458D /* QuartzCore.framework */,
				9104F0529718EC07A125BDFE /* Pods.framework */,
			);
			name = Frameworks;
			sourceTree = "<group>";
		};
		546794C81BD0CB850062FAFB /* Home */ = {
			isa = PBXGroup;
			children = (
				546794B61BD0CA6A0062FAFB /* HomeView.swift */,
				546794C41BD0CB760062FAFB /* HomePresenter.swift */,
				546794C61BD0CB800062FAFB /* HomeInteractor.swift */,
			);
			name = Home;
			sourceTree = "<group>";
		};
		546794CD1BD0CBB20062FAFB /* Library */ = {
			isa = PBXGroup;
			children = (
				548476501BF66235004374B5 /* LibraryCell.xib */,
				546794B81BD0CA8A0062FAFB /* LibraryView.swift */,
				546794C91BD0CBA40062FAFB /* LibraryPresenter.swift */,
				546794CB1BD0CBAE0062FAFB /* LibraryInteractor.swift */,
			);
			name = Library;
			sourceTree = "<group>";
		};
		546794D21BD0CBCD0062FAFB /* Tags */ = {
			isa = PBXGroup;
			children = (
				546794BA1BD0CA9C0062FAFB /* TagsView.swift */,
				546794CE1BD0CBBF0062FAFB /* TagsPresenter.swift */,
				546794D01BD0CBC80062FAFB /* TagsInteractor.swift */,
			);
			name = Tags;
			sourceTree = "<group>";
		};
		546794D71BD0CBE60062FAFB /* Notes */ = {
			isa = PBXGroup;
			children = (
				546794BC1BD0CAAF0062FAFB /* NotesView.swift */,
				546794D31BD0CBD90062FAFB /* NotesPresenter.swift */,
				546794D51BD0CBE20062FAFB /* NotesInteractor.swift */,
			);
			name = Notes;
			sourceTree = "<group>";
		};
		546794DC1BD0CC010062FAFB /* CrossRef */ = {
			isa = PBXGroup;
			children = (
				546794BE1BD0CAC20062FAFB /* CrossRefView.swift */,
				546794D81BD0CBF20062FAFB /* CrossRefPresenter.swift */,
				546794DA1BD0CBFD0062FAFB /* CrossRefInteractor.swift */,
			);
			name = CrossRef;
			sourceTree = "<group>";
		};
		546794E11BD0CC1C0062FAFB /* Settings */ = {
			isa = PBXGroup;
			children = (
				546794C01BD0CAD10062FAFB /* SettingsView.swift */,
				546794DD1BD0CC0E0062FAFB /* SettingsPresenter.swift */,
				546794DF1BD0CC180062FAFB /* SettingsInteractor.swift */,
			);
			name = Settings;
			sourceTree = "<group>";
		};
		546794E61BD0CC370062FAFB /* Reader */ = {
			isa = PBXGroup;
			children = (
				546794C21BD0CB140062FAFB /* ReaderView.swift */,
				54FFC3DF1BF7C62B0041458D /* ReaderTagsAccessory.xib */,
				54FFC3E11BF8268E0041458D /* ReaderNotesAccessory.xib */,
				54FFC3E31BF829540041458D /* ReaderXRefsAccessory.xib */,
				546794E21BD0CC280062FAFB /* ReaderPresenter.swift */,
				546794E41BD0CC330062FAFB /* ReaderInteractor.swift */,
			);
			name = Reader;
			sourceTree = "<group>";
		};
		546794F31BD0CC9E0062FAFB /* Services */ = {
			isa = PBXGroup;
			children = (
				546794E71BD0CC490062FAFB /* DataManager.swift */,
				546795031BD0CD5B0062FAFB /* AnalyticsService.swift */,
				54FFC3E71BF84A970041458D /* ActivityService.swift */,
				546794FF1BD0CD370062FAFB /* ShareService.swift */,
				546794E91BD0CC620062FAFB /* WritingService.swift */,
				546794EB1BD0CC6F0062FAFB /* TagService.swift */,
				546794ED1BD0CC780062FAFB /* NotesService.swift */,
				546794EF1BD0CC830062FAFB /* CrossRefService.swift */,
				546794F11BD0CC9A0062FAFB /* UserService.swift */,
				5425CD3F1BD9F4990047A8AD /* RealmService.swift */,
				5416DA851BF30CB400EA28B8 /* RAService.swift */,
			);
			name = Services;
			sourceTree = "<group>";
		};
		546794FE1BD0CD180062FAFB /* Entities */ = {
			isa = PBXGroup;
			children = (
				546794F41BD0CCBE0062FAFB /* Writing.swift */,
				546794F61BD0CCCA0062FAFB /* Note.swift */,
				546794F81BD0CCD40062FAFB /* Tag.swift */,
				546794FA1BD0CCDE0062FAFB /* CrossRef.swift */,
				546794FC1BD0CD130062FAFB /* Progress.swift */,
				546795011BD0CD4F0062FAFB /* Activity.swift */,
				5416DA831BF3051C00EA28B8 /* RAObject.swift */,
			);
			name = Entities;
			sourceTree = "<group>";
		};
		5467950B1BD210D50062FAFB /* Assets */ = {
			isa = PBXGroup;
			children = (
				546795091BD1EC9E0062FAFB /* menu.png */,
			);
			name = Assets;
			sourceTree = "<group>";
		};
		5467951C1BD32F710062FAFB /* Writings */ = {
			isa = PBXGroup;
			children = (
				5467950E1BD32F6B0062FAFB /* 1 - Bahá’í */,
				5467950F1BD32F6B0062FAFB /* 2 - Buddhist */,
				546795101BD32F6B0062FAFB /* 4 - Hindu */,
				546795111BD32F6B0062FAFB /* 5 - Islamic */,
				546795121BD32F6B0062FAFB /* 6 - Jewish */,
				546795131BD32F6B0062FAFB /* 7 - Zoroastrian */,
				546795141BD32F6B0062FAFB /* 8 - More */,
			);
			name = Writings;
			sourceTree = "<group>";
		};
		5483BEC21B95FAA70037359C = {
			isa = PBXGroup;
			children = (
				5483BECD1B95FAA70037359C /* Immerse */,
				5483BEE31B95FAA70037359C /* ImmerseTests */,
				5483BECC1B95FAA70037359C /* Products */,
				9E0AC03E7325E8958B930D3C /* Pods */,
				14B5686426E505E40FB7BDFF /* Frameworks */,
			);
			sourceTree = "<group>";
		};
		5483BECC1B95FAA70037359C /* Products */ = {
			isa = PBXGroup;
			children = (
				5483BECB1B95FAA70037359C /* Immerse.app */,
				5483BEE01B95FAA70037359C /* ImmerseTests.xctest */,
			);
			name = Products;
			sourceTree = "<group>";
		};
		5483BECD1B95FAA70037359C /* Immerse */ = {
			isa = PBXGroup;
			children = (
				5483BED01B95FAA70037359C /* AppDelegate.swift */,
				546795051BD0CFF20062FAFB /* NavTray.swift */,
				546795071BD0D00E0062FAFB /* Util.swift */,
				5483BED41B95FAA70037359C /* Main.storyboard */,
				5483BED91B95FAA70037359C /* LaunchScreen.xib */,
				546794C81BD0CB850062FAFB /* Home */,
				546794CD1BD0CBB20062FAFB /* Library */,
				546794D21BD0CBCD0062FAFB /* Tags */,
				546794D71BD0CBE60062FAFB /* Notes */,
				546794DC1BD0CC010062FAFB /* CrossRef */,
				546794E11BD0CC1C0062FAFB /* Settings */,
				546794E61BD0CC370062FAFB /* Reader */,
				546794F31BD0CC9E0062FAFB /* Services */,
				546794FE1BD0CD180062FAFB /* Entities */,
				5483BED71B95FAA70037359C /* Images.xcassets */,
				5483BECE1B95FAA70037359C /* Supporting Files */,
			);
			path = Immerse;
			sourceTree = "<group>";
		};
		5483BECE1B95FAA70037359C /* Supporting Files */ = {
			isa = PBXGroup;
			children = (
				54E5D7451BDD6930009F3665 /* Icon-40.png */,
				54E5D7461BDD6930009F3665 /* Icon-40@2x.png */,
				54E5D7471BDD6930009F3665 /* Icon-40@3x.png */,
				54E5D7481BDD6930009F3665 /* Icon-60@2x.png */,
				54E5D7491BDD6930009F3665 /* Icon-60@3x.png */,
				54E5D74A1BDD6930009F3665 /* Icon-76.png */,
				54E5D74B1BDD6930009F3665 /* Icon-76@2x.png */,
				54E5D74C1BDD6930009F3665 /* Icon-Small.png */,
				54E5D74D1BDD6930009F3665 /* Icon-Small@2x.png */,
				54E5D74E1BDD6930009F3665 /* Icon-Small@3x.png */,
				5467951C1BD32F710062FAFB /* Writings */,
				5467950B1BD210D50062FAFB /* Assets */,
				5483BECF1B95FAA70037359C /* Info.plist */,
				54E5D75A1BE33463009F3665 /* Test.h */,
				54E5D75B1BE33463009F3665 /* Test.m */,
				54E5D7591BE33462009F3665 /* Immerse-Bridging-Header.h */,
			);
			name = "Supporting Files";
			sourceTree = "<group>";
		};
		5483BEE31B95FAA70037359C /* ImmerseTests */ = {
			isa = PBXGroup;
			children = (
				5483BEE61B95FAA70037359C /* ImmerseTests.swift */,
				5483BEE41B95FAA70037359C /* Supporting Files */,
			);
			path = ImmerseTests;
			sourceTree = "<group>";
		};
		5483BEE41B95FAA70037359C /* Supporting Files */ = {
			isa = PBXGroup;
			children = (
				5483BEE51B95FAA70037359C /* Info.plist */,
			);
			name = "Supporting Files";
			sourceTree = "<group>";
		};
		9E0AC03E7325E8958B930D3C /* Pods */ = {
			isa = PBXGroup;
			children = (
				4ACE5D80873F6774CFD230B8 /* Pods.debug.xcconfig */,
				0C4E41121568ECD7C159A32C /* Pods.release.xcconfig */,
			);
			name = Pods;
			sourceTree = "<group>";
		};
/* End PBXGroup section */

/* Begin PBXNativeTarget section */
		5483BECA1B95FAA70037359C /* Immerse */ = {
			isa = PBXNativeTarget;
			buildConfigurationList = 5483BEEA1B95FAA70037359C /* Build configuration list for PBXNativeTarget "Immerse" */;
			buildPhases = (
				A933B10533284E99DE9CC7EC /* Check Pods Manifest.lock */,
				5483BEC71B95FAA70037359C /* Sources */,
				5483BEC81B95FAA70037359C /* Frameworks */,
				5483BEC91B95FAA70037359C /* Resources */,
				8EA25468A55ED102820F5CE2 /* Embed Pods Frameworks */,
				A46F73B501D627B9A4C05C6C /* Copy Pods Resources */,
			);
			buildRules = (
			);
			dependencies = (
			);
			name = Immerse;
			productName = Immerse;
			productReference = 5483BECB1B95FAA70037359C /* Immerse.app */;
			productType = "com.apple.product-type.application";
		};
		5483BEDF1B95FAA70037359C /* ImmerseTests */ = {
			isa = PBXNativeTarget;
			buildConfigurationList = 5483BEED1B95FAA70037359C /* Build configuration list for PBXNativeTarget "ImmerseTests" */;
			buildPhases = (
				5483BEDC1B95FAA70037359C /* Sources */,
				5483BEDD1B95FAA70037359C /* Frameworks */,
				5483BEDE1B95FAA70037359C /* Resources */,
			);
			buildRules = (
			);
			dependencies = (
				5483BEE21B95FAA70037359C /* PBXTargetDependency */,
			);
			name = ImmerseTests;
			productName = ImmerseTests;
			productReference = 5483BEE01B95FAA70037359C /* ImmerseTests.xctest */;
			productType = "com.apple.product-type.bundle.unit-test";
		};
/* End PBXNativeTarget section */

/* Begin PBXProject section */
		5483BEC31B95FAA70037359C /* Project object */ = {
			isa = PBXProject;
			attributes = {
				LastSwiftUpdateCheck = 0710;
				LastUpgradeCheck = 0700;
				ORGANIZATIONNAME = Immerse;
				TargetAttributes = {
					5483BECA1B95FAA70037359C = {
						CreatedOnToolsVersion = 6.4;
						DevelopmentTeam = CUYMUDSGA4;
					};
					5483BEDF1B95FAA70037359C = {
						CreatedOnToolsVersion = 6.4;
						TestTargetID = 5483BECA1B95FAA70037359C;
					};
				};
			};
			buildConfigurationList = 5483BEC61B95FAA70037359C /* Build configuration list for PBXProject "Immerse" */;
			compatibilityVersion = "Xcode 3.2";
			developmentRegion = English;
			hasScannedForEncodings = 0;
			knownRegions = (
				en,
				Base,
			);
			mainGroup = 5483BEC21B95FAA70037359C;
			productRefGroup = 5483BECC1B95FAA70037359C /* Products */;
			projectDirPath = "";
			projectRoot = "";
			targets = (
				5483BECA1B95FAA70037359C /* Immerse */,
				5483BEDF1B95FAA70037359C /* ImmerseTests */,
			);
		};
/* End PBXProject section */

/* Begin PBXResourcesBuildPhase section */
		5483BEC91B95FAA70037359C /* Resources */ = {
			isa = PBXResourcesBuildPhase;
			buildActionMask = 2147483647;
			files = (
				5483BED61B95FAA70037359C /* Main.storyboard in Resources */,
				5467951A1BD32F6B0062FAFB /* 7 - Zoroastrian in Resources */,
				5483BEDB1B95FAA70037359C /* LaunchScreen.xib in Resources */,
				5467951B1BD32F6B0062FAFB /* 8 - More in Resources */,
				5467950A1BD1EC9E0062FAFB /* menu.png in Resources */,
				546795151BD32F6B0062FAFB /* 1 - Bahá’í in Resources */,
				546795191BD32F6B0062FAFB /* 6 - Jewish in Resources */,
				546795161BD32F6B0062FAFB /* 2 - Buddhist in Resources */,
				54E5D7531BDD6930009F3665 /* Icon-60@3x.png in Resources */,
				54FFC3E21BF8268E0041458D /* ReaderNotesAccessory.xib in Resources */,
				54E5D74F1BDD6930009F3665 /* Icon-40.png in Resources */,
				54E5D7561BDD6930009F3665 /* Icon-Small.png in Resources */,
				54E5D7551BDD6930009F3665 /* Icon-76@2x.png in Resources */,
				54E5D7581BDD6930009F3665 /* Icon-Small@3x.png in Resources */,
				54E5D7501BDD6930009F3665 /* Icon-40@2x.png in Resources */,
				54E5D7571BDD6930009F3665 /* Icon-Small@2x.png in Resources */,
				546795171BD32F6B0062FAFB /* 4 - Hindu in Resources */,
				54E5D7541BDD6930009F3665 /* Icon-76.png in Resources */,
				548476511BF66235004374B5 /* LibraryCell.xib in Resources */,
				54E5D7521BDD6930009F3665 /* Icon-60@2x.png in Resources */,
				5483BED81B95FAA70037359C /* Images.xcassets in Resources */,
				54FFC3E41BF829540041458D /* ReaderXRefsAccessory.xib in Resources */,
				54E5D7511BDD6930009F3665 /* Icon-40@3x.png in Resources */,
				54FFC3E01BF7C62B0041458D /* ReaderTagsAccessory.xib in Resources */,
				546795181BD32F6B0062FAFB /* 5 - Islamic in Resources */,
			);
			runOnlyForDeploymentPostprocessing = 0;
		};
		5483BEDE1B95FAA70037359C /* Resources */ = {
			isa = PBXResourcesBuildPhase;
			buildActionMask = 2147483647;
			files = (
			);
			runOnlyForDeploymentPostprocessing = 0;
		};
/* End PBXResourcesBuildPhase section */

/* Begin PBXShellScriptBuildPhase section */
		8EA25468A55ED102820F5CE2 /* Embed Pods Frameworks */ = {
			isa = PBXShellScriptBuildPhase;
			buildActionMask = 2147483647;
			files = (
			);
			inputPaths = (
			);
			name = "Embed Pods Frameworks";
			outputPaths = (
			);
			runOnlyForDeploymentPostprocessing = 0;
			shellPath = /bin/sh;
			shellScript = "\"${SRCROOT}/Pods/Target Support Files/Pods/Pods-frameworks.sh\"\n";
			showEnvVarsInLog = 0;
		};
		A46F73B501D627B9A4C05C6C /* Copy Pods Resources */ = {
			isa = PBXShellScriptBuildPhase;
			buildActionMask = 2147483647;
			files = (
			);
			inputPaths = (
			);
			name = "Copy Pods Resources";
			outputPaths = (
			);
			runOnlyForDeploymentPostprocessing = 0;
			shellPath = /bin/sh;
			shellScript = "\"${SRCROOT}/Pods/Target Support Files/Pods/Pods-resources.sh\"\n";
			showEnvVarsInLog = 0;
		};
		A933B10533284E99DE9CC7EC /* Check Pods Manifest.lock */ = {
			isa = PBXShellScriptBuildPhase;
			buildActionMask = 2147483647;
			files = (
			);
			inputPaths = (
			);
			name = "Check Pods Manifest.lock";
			outputPaths = (
			);
			runOnlyForDeploymentPostprocessing = 0;
			shellPath = /bin/sh;
			shellScript = "diff \"${PODS_ROOT}/../Podfile.lock\" \"${PODS_ROOT}/Manifest.lock\" > /dev/null\nif [[ $? != 0 ]] ; then\n    cat << EOM\nerror: The sandbox is not in sync with the Podfile.lock. Run 'pod install' or update your CocoaPods installation.\nEOM\n    exit 1\nfi\n";
			showEnvVarsInLog = 0;
		};
/* End PBXShellScriptBuildPhase section */

/* Begin PBXSourcesBuildPhase section */
		5483BEC71B95FAA70037359C /* Sources */ = {
			isa = PBXSourcesBuildPhase;
			buildActionMask = 2147483647;
			files = (
				546794F91BD0CCD40062FAFB /* Tag.swift in Sources */,
				54E5D75C1BE33463009F3665 /* Test.m in Sources */,
				5416DA841BF3051C00EA28B8 /* RAObject.swift in Sources */,
				546794D41BD0CBD90062FAFB /* NotesPresenter.swift in Sources */,
				546794E81BD0CC490062FAFB /* DataManager.swift in Sources */,
				546794B91BD0CA8A0062FAFB /* LibraryView.swift in Sources */,
				546794CF1BD0CBBF0062FAFB /* TagsPresenter.swift in Sources */,
				546794D11BD0CBC80062FAFB /* TagsInteractor.swift in Sources */,
				546795021BD0CD4F0062FAFB /* Activity.swift in Sources */,
				546795081BD0D00E0062FAFB /* Util.swift in Sources */,
				546794C71BD0CB800062FAFB /* HomeInteractor.swift in Sources */,
				546794E31BD0CC280062FAFB /* ReaderPresenter.swift in Sources */,
				546794FD1BD0CD130062FAFB /* Progress.swift in Sources */,
				546794C31BD0CB140062FAFB /* ReaderView.swift in Sources */,
				546794F01BD0CC830062FAFB /* CrossRefService.swift in Sources */,
				546794D61BD0CBE20062FAFB /* NotesInteractor.swift in Sources */,
				546794C11BD0CAD10062FAFB /* SettingsView.swift in Sources */,
				546794E51BD0CC330062FAFB /* ReaderInteractor.swift in Sources */,
				546794C51BD0CB760062FAFB /* HomePresenter.swift in Sources */,
				546794D91BD0CBF20062FAFB /* CrossRefPresenter.swift in Sources */,
				546795041BD0CD5B0062FAFB /* AnalyticsService.swift in Sources */,
				546794DB1BD0CBFD0062FAFB /* CrossRefInteractor.swift in Sources */,
				546795061BD0CFF20062FAFB /* NavTray.swift in Sources */,
				546794EC1BD0CC6F0062FAFB /* TagService.swift in Sources */,
				5416DA861BF30CB400EA28B8 /* RAService.swift in Sources */,
				546794F71BD0CCCA0062FAFB /* Note.swift in Sources */,
				546794F21BD0CC9A0062FAFB /* UserService.swift in Sources */,
				546794EE1BD0CC780062FAFB /* NotesService.swift in Sources */,
				546794BB1BD0CA9C0062FAFB /* TagsView.swift in Sources */,
				546794BF1BD0CAC20062FAFB /* CrossRefView.swift in Sources */,
				546794CC1BD0CBAE0062FAFB /* LibraryInteractor.swift in Sources */,
				546794BD1BD0CAAF0062FAFB /* NotesView.swift in Sources */,
				546794B71BD0CA6A0062FAFB /* HomeView.swift in Sources */,
				54FFC3E81BF84A970041458D /* ActivityService.swift in Sources */,
				546795001BD0CD370062FAFB /* ShareService.swift in Sources */,
				546794F51BD0CCBE0062FAFB /* Writing.swift in Sources */,
				546794E01BD0CC180062FAFB /* SettingsInteractor.swift in Sources */,
				546794CA1BD0CBA40062FAFB /* LibraryPresenter.swift in Sources */,
				5483BED11B95FAA70037359C /* AppDelegate.swift in Sources */,
				546794FB1BD0CCDE0062FAFB /* CrossRef.swift in Sources */,
				546794EA1BD0CC620062FAFB /* WritingService.swift in Sources */,
				546794DE1BD0CC0E0062FAFB /* SettingsPresenter.swift in Sources */,
				5425CD401BD9F4990047A8AD /* RealmService.swift in Sources */,
			);
			runOnlyForDeploymentPostprocessing = 0;
		};
		5483BEDC1B95FAA70037359C /* Sources */ = {
			isa = PBXSourcesBuildPhase;
			buildActionMask = 2147483647;
			files = (
				5483BEE71B95FAA70037359C /* ImmerseTests.swift in Sources */,
			);
			runOnlyForDeploymentPostprocessing = 0;
		};
/* End PBXSourcesBuildPhase section */

/* Begin PBXTargetDependency section */
		5483BEE21B95FAA70037359C /* PBXTargetDependency */ = {
			isa = PBXTargetDependency;
			target = 5483BECA1B95FAA70037359C /* Immerse */;
			targetProxy = 5483BEE11B95FAA70037359C /* PBXContainerItemProxy */;
		};
/* End PBXTargetDependency section */

/* Begin PBXVariantGroup section */
		5483BED41B95FAA70037359C /* Main.storyboard */ = {
			isa = PBXVariantGroup;
			children = (
				5483BED51B95FAA70037359C /* Base */,
			);
			name = Main.storyboard;
			sourceTree = "<group>";
		};
		5483BED91B95FAA70037359C /* LaunchScreen.xib */ = {
			isa = PBXVariantGroup;
			children = (
				5483BEDA1B95FAA70037359C /* Base */,
			);
			name = LaunchScreen.xib;
			sourceTree = "<group>";
		};
/* End PBXVariantGroup section */

/* Begin XCBuildConfiguration section */
		5483BEE81B95FAA70037359C /* Debug */ = {
			isa = XCBuildConfiguration;
			buildSettings = {
				ALWAYS_SEARCH_USER_PATHS = NO;
				CLANG_CXX_LANGUAGE_STANDARD = "gnu++0x";
				CLANG_CXX_LIBRARY = "libc++";
				CLANG_ENABLE_MODULES = YES;
				CLANG_ENABLE_OBJC_ARC = YES;
				CLANG_WARN_BOOL_CONVERSION = YES;
				CLANG_WARN_CONSTANT_CONVERSION = YES;
				CLANG_WARN_DIRECT_OBJC_ISA_USAGE = YES_ERROR;
				CLANG_WARN_EMPTY_BODY = YES;
				CLANG_WARN_ENUM_CONVERSION = YES;
				CLANG_WARN_INT_CONVERSION = YES;
				CLANG_WARN_OBJC_ROOT_CLASS = YES_ERROR;
				CLANG_WARN_UNREACHABLE_CODE = YES;
				CLANG_WARN__DUPLICATE_METHOD_MATCH = YES;
				CODE_SIGN_IDENTITY = "iPhone Developer";
				"CODE_SIGN_IDENTITY[sdk=iphoneos*]" = "iPhone Developer";
				COPY_PHASE_STRIP = NO;
				DEBUG_INFORMATION_FORMAT = "dwarf-with-dsym";
				ENABLE_STRICT_OBJC_MSGSEND = YES;
				ENABLE_TESTABILITY = YES;
				GCC_C_LANGUAGE_STANDARD = gnu99;
				GCC_DYNAMIC_NO_PIC = NO;
				GCC_NO_COMMON_BLOCKS = YES;
				GCC_OPTIMIZATION_LEVEL = 0;
				GCC_PREPROCESSOR_DEFINITIONS = (
					"DEBUG=1",
					"$(inherited)",
				);
				GCC_SYMBOLS_PRIVATE_EXTERN = NO;
				GCC_WARN_64_TO_32_BIT_CONVERSION = YES;
				GCC_WARN_ABOUT_RETURN_TYPE = YES_ERROR;
				GCC_WARN_UNDECLARED_SELECTOR = YES;
				GCC_WARN_UNINITIALIZED_AUTOS = YES_AGGRESSIVE;
				GCC_WARN_UNUSED_FUNCTION = YES;
				GCC_WARN_UNUSED_VARIABLE = YES;
				IPHONEOS_DEPLOYMENT_TARGET = 8.4;
				MTL_ENABLE_DEBUG_INFO = YES;
				ONLY_ACTIVE_ARCH = YES;
				SDKROOT = iphoneos;
				SWIFT_OPTIMIZATION_LEVEL = "-Onone";
				TARGETED_DEVICE_FAMILY = "1,2";
			};
			name = Debug;
		};
		5483BEE91B95FAA70037359C /* Release */ = {
			isa = XCBuildConfiguration;
			buildSettings = {
				ALWAYS_SEARCH_USER_PATHS = NO;
				CLANG_CXX_LANGUAGE_STANDARD = "gnu++0x";
				CLANG_CXX_LIBRARY = "libc++";
				CLANG_ENABLE_MODULES = YES;
				CLANG_ENABLE_OBJC_ARC = YES;
				CLANG_WARN_BOOL_CONVERSION = YES;
				CLANG_WARN_CONSTANT_CONVERSION = YES;
				CLANG_WARN_DIRECT_OBJC_ISA_USAGE = YES_ERROR;
				CLANG_WARN_EMPTY_BODY = YES;
				CLANG_WARN_ENUM_CONVERSION = YES;
				CLANG_WARN_INT_CONVERSION = YES;
				CLANG_WARN_OBJC_ROOT_CLASS = YES_ERROR;
				CLANG_WARN_UNREACHABLE_CODE = YES;
				CLANG_WARN__DUPLICATE_METHOD_MATCH = YES;
				CODE_SIGN_IDENTITY = "iPhone Developer";
				"CODE_SIGN_IDENTITY[sdk=iphoneos*]" = "iPhone Developer";
				COPY_PHASE_STRIP = NO;
				DEBUG_INFORMATION_FORMAT = "dwarf-with-dsym";
				ENABLE_NS_ASSERTIONS = NO;
				ENABLE_STRICT_OBJC_MSGSEND = YES;
				GCC_C_LANGUAGE_STANDARD = gnu99;
				GCC_NO_COMMON_BLOCKS = YES;
				GCC_WARN_64_TO_32_BIT_CONVERSION = YES;
				GCC_WARN_ABOUT_RETURN_TYPE = YES_ERROR;
				GCC_WARN_UNDECLARED_SELECTOR = YES;
				GCC_WARN_UNINITIALIZED_AUTOS = YES_AGGRESSIVE;
				GCC_WARN_UNUSED_FUNCTION = YES;
				GCC_WARN_UNUSED_VARIABLE = YES;
				IPHONEOS_DEPLOYMENT_TARGET = 8.4;
				MTL_ENABLE_DEBUG_INFO = NO;
				SDKROOT = iphoneos;
				TARGETED_DEVICE_FAMILY = "1,2";
				VALIDATE_PRODUCT = YES;
			};
			name = Release;
		};
		5483BEEB1B95FAA70037359C /* Debug */ = {
			isa = XCBuildConfiguration;
			baseConfigurationReference = 4ACE5D80873F6774CFD230B8 /* Pods.debug.xcconfig */;
			buildSettings = {
				ASSETCATALOG_COMPILER_APPICON_NAME = AppIcon;
				CLANG_ENABLE_MODULES = YES;
				CODE_SIGN_IDENTITY = "iPhone Distribution";
				"CODE_SIGN_IDENTITY[sdk=iphoneos*]" = "iPhone Distribution";
				INFOPLIST_FILE = Immerse/Info.plist;
				IPHONEOS_DEPLOYMENT_TARGET = 9.0;
				LD_RUNPATH_SEARCH_PATHS = "$(inherited) @executable_path/Frameworks";
				PRODUCT_BUNDLE_IDENTIFIER = "IM.$(PRODUCT_NAME:rfc1034identifier)";
				PRODUCT_NAME = "$(TARGET_NAME)";
				PROVISIONING_PROFILE = "";
				SWIFT_OBJC_BRIDGING_HEADER = "Immerse/Immerse-Bridging-Header.h";
				SWIFT_OPTIMIZATION_LEVEL = "-Onone";
			};
			name = Debug;
		};
		5483BEEC1B95FAA70037359C /* Release */ = {
			isa = XCBuildConfiguration;
			baseConfigurationReference = 0C4E41121568ECD7C159A32C /* Pods.release.xcconfig */;
			buildSettings = {
				ASSETCATALOG_COMPILER_APPICON_NAME = AppIcon;
				CLANG_ENABLE_MODULES = YES;
				CODE_SIGN_IDENTITY = "iPhone Distribution";
				"CODE_SIGN_IDENTITY[sdk=iphoneos*]" = "iPhone Distribution";
				INFOPLIST_FILE = Immerse/Info.plist;
				IPHONEOS_DEPLOYMENT_TARGET = 9.0;
				LD_RUNPATH_SEARCH_PATHS = "$(inherited) @executable_path/Frameworks";
				PRODUCT_BUNDLE_IDENTIFIER = "IM.$(PRODUCT_NAME:rfc1034identifier)";
				PRODUCT_NAME = "$(TARGET_NAME)";
				PROVISIONING_PROFILE = "";
				SWIFT_OBJC_BRIDGING_HEADER = "Immerse/Immerse-Bridging-Header.h";
			};
			name = Release;
		};
		5483BEEE1B95FAA70037359C /* Debug */ = {
			isa = XCBuildConfiguration;
			buildSettings = {
				BUNDLE_LOADER = "$(TEST_HOST)";
				FRAMEWORK_SEARCH_PATHS = (
					"$(SDKROOT)/Developer/Library/Frameworks",
					"$(inherited)",
				);
				GCC_PREPROCESSOR_DEFINITIONS = (
					"DEBUG=1",
					"$(inherited)",
				);
				INFOPLIST_FILE = ImmerseTests/Info.plist;
				LD_RUNPATH_SEARCH_PATHS = "$(inherited) @executable_path/Frameworks @loader_path/Frameworks";
				PRODUCT_BUNDLE_IDENTIFIER = "IM.$(PRODUCT_NAME:rfc1034identifier)";
				PRODUCT_NAME = "$(TARGET_NAME)";
				TEST_HOST = "$(BUILT_PRODUCTS_DIR)/Immerse.app/Immerse";
			};
			name = Debug;
		};
		5483BEEF1B95FAA70037359C /* Release */ = {
			isa = XCBuildConfiguration;
			buildSettings = {
				BUNDLE_LOADER = "$(TEST_HOST)";
				FRAMEWORK_SEARCH_PATHS = (
					"$(SDKROOT)/Developer/Library/Frameworks",
					"$(inherited)",
				);
				INFOPLIST_FILE = ImmerseTests/Info.plist;
				LD_RUNPATH_SEARCH_PATHS = "$(inherited) @executable_path/Frameworks @loader_path/Frameworks";
				PRODUCT_BUNDLE_IDENTIFIER = "IM.$(PRODUCT_NAME:rfc1034identifier)";
				PRODUCT_NAME = "$(TARGET_NAME)";
				TEST_HOST = "$(BUILT_PRODUCTS_DIR)/Immerse.app/Immerse";
			};
			name = Release;
		};
/* End XCBuildConfiguration section */

/* Begin XCConfigurationList section */
		5483BEC61B95FAA70037359C /* Build configuration list for PBXProject "Immerse" */ = {
			isa = XCConfigurationList;
			buildConfigurations = (
				5483BEE81B95FAA70037359C /* Debug */,
				5483BEE91B95FAA70037359C /* Release */,
			);
			defaultConfigurationIsVisible = 0;
			defaultConfigurationName = Release;
		};
		5483BEEA1B95FAA70037359C /* Build configuration list for PBXNativeTarget "Immerse" */ = {
			isa = XCConfigurationList;
			buildConfigurations = (
				5483BEEB1B95FAA70037359C /* Debug */,
				5483BEEC1B95FAA70037359C /* Release */,
			);
			defaultConfigurationIsVisible = 0;
			defaultConfigurationName = Release;
		};
		5483BEED1B95FAA70037359C /* Build configuration list for PBXNativeTarget "ImmerseTests" */ = {
			isa = XCConfigurationList;
			buildConfigurations = (
				5483BEEE1B95FAA70037359C /* Debug */,
				5483BEEF1B95FAA70037359C /* Release */,
			);
			defaultConfigurationIsVisible = 0;
			defaultConfigurationName = Release;
		};
/* End XCConfigurationList section */
	};
	rootObject = 5483BEC31B95FAA70037359C /* Project object */;
}
