// !$*UTF8*$!
{
	archiveVersion = 1;
	classes = {
	};
	objectVersion = 46;
	objects = {

/* Begin PBXBuildFile section */
		5415B7CA1CBF34B500946055 /* testWritings.txt in Resources */ = {isa = PBXBuildFile; fileRef = 5415B7C91CBF34B500946055 /* testWritings.txt */; };
		5415B7CC1CBF62D900946055 /* LibraryBookCell.xib in Resources */ = {isa = PBXBuildFile; fileRef = 5415B7CB1CBF62D900946055 /* LibraryBookCell.xib */; };
		5423FE731CCB4F360042933F /* ReaderCell.xib in Resources */ = {isa = PBXBuildFile; fileRef = 5423FE721CCB4F360042933F /* ReaderCell.xib */; };
		5423FE751CCC9F890042933F /* ReaderCell.swift in Sources */ = {isa = PBXBuildFile; fileRef = 5423FE741CCC9F890042933F /* ReaderCell.swift */; };
		5423FE781CCDE3630042933F /* CreateTagView.swift in Sources */ = {isa = PBXBuildFile; fileRef = 5423FE761CCDE3630042933F /* CreateTagView.swift */; };
		5423FE791CCDE3630042933F /* CreateTagView.xib in Resources */ = {isa = PBXBuildFile; fileRef = 5423FE771CCDE3630042933F /* CreateTagView.xib */; };
		5424A8721CBB1CF700AF6B43 /* FaithViewModel.swift in Sources */ = {isa = PBXBuildFile; fileRef = 5424A8711CBB1CF700AF6B43 /* FaithViewModel.swift */; };
		5424A8741CBB1D0800AF6B43 /* AuthorViewModel.swift in Sources */ = {isa = PBXBuildFile; fileRef = 5424A8731CBB1D0800AF6B43 /* AuthorViewModel.swift */; };
		5424A8761CBB1D1100AF6B43 /* BookViewModel.swift in Sources */ = {isa = PBXBuildFile; fileRef = 5424A8751CBB1D1100AF6B43 /* BookViewModel.swift */; };
		5424A8781CBB1D1F00AF6B43 /* RecordViewModel.swift in Sources */ = {isa = PBXBuildFile; fileRef = 5424A8771CBB1D1F00AF6B43 /* RecordViewModel.swift */; };
		5424A87A1CBB1D2800AF6B43 /* NoteViewModel.swift in Sources */ = {isa = PBXBuildFile; fileRef = 5424A8791CBB1D2800AF6B43 /* NoteViewModel.swift */; };
		5424A87C1CBB1D2F00AF6B43 /* TagViewModel.swift in Sources */ = {isa = PBXBuildFile; fileRef = 5424A87B1CBB1D2F00AF6B43 /* TagViewModel.swift */; };
		5424A87E1CBB1D3700AF6B43 /* CrossRefViewModel.swift in Sources */ = {isa = PBXBuildFile; fileRef = 5424A87D1CBB1D3700AF6B43 /* CrossRefViewModel.swift */; };
		5424A8801CBB1DB300AF6B43 /* GenericViewModel.swift in Sources */ = {isa = PBXBuildFile; fileRef = 5424A87F1CBB1DB300AF6B43 /* GenericViewModel.swift */; };
		5424A8821CBB1DD200AF6B43 /* GenericModelInterface.swift in Sources */ = {isa = PBXBuildFile; fileRef = 5424A8811CBB1DD200AF6B43 /* GenericModelInterface.swift */; };
		5424A8931CBB55B500AF6B43 /* LibrarySubView.swift in Sources */ = {isa = PBXBuildFile; fileRef = 5424A8921CBB55B500AF6B43 /* LibrarySubView.swift */; };
		5425CD401BD9F4990047A8AD /* RealmService.swift in Sources */ = {isa = PBXBuildFile; fileRef = 5425CD3F1BD9F4990047A8AD /* RealmService.swift */; };
		5431DBBB1C9494BE00756842 /* Record.swift in Sources */ = {isa = PBXBuildFile; fileRef = 5431DBBA1C9494BE00756842 /* Record.swift */; };
		544798141CD08B7E00CA391E /* LibraryBookCell.swift in Sources */ = {isa = PBXBuildFile; fileRef = 544798131CD08B7E00CA391E /* LibraryBookCell.swift */; };
		5447981B1CD08DED00CA391E /* TagTypeDetailView.swift in Sources */ = {isa = PBXBuildFile; fileRef = 544798191CD08DED00CA391E /* TagTypeDetailView.swift */; };
		5447981C1CD08DED00CA391E /* TagTypeDetailView.xib in Resources */ = {isa = PBXBuildFile; fileRef = 5447981A1CD08DED00CA391E /* TagTypeDetailView.xib */; };
		5447981F1CD0941500CA391E /* CreateNoteView.swift in Sources */ = {isa = PBXBuildFile; fileRef = 5447981D1CD0941500CA391E /* CreateNoteView.swift */; };
		544798201CD0941500CA391E /* CreateNoteView.xib in Resources */ = {isa = PBXBuildFile; fileRef = 5447981E1CD0941500CA391E /* CreateNoteView.xib */; };
		544798231CD099B500CA391E /* CreateCrossRefView.swift in Sources */ = {isa = PBXBuildFile; fileRef = 544798211CD099B500CA391E /* CreateCrossRefView.swift */; };
		544798241CD099B500CA391E /* CreateCrossRefView.xib in Resources */ = {isa = PBXBuildFile; fileRef = 544798221CD099B500CA391E /* CreateCrossRefView.xib */; };
		544AA71E1CC1C009005118AA /* ReaderView.swift in Sources */ = {isa = PBXBuildFile; fileRef = 544AA71C1CC1C009005118AA /* ReaderView.swift */; };
		544AA71F1CC1C009005118AA /* ReaderView.xib in Resources */ = {isa = PBXBuildFile; fileRef = 544AA71D1CC1C009005118AA /* ReaderView.xib */; };
		545481271C35A36600B4E7E6 /* IMNavControl.swift in Sources */ = {isa = PBXBuildFile; fileRef = 545481261C35A36600B4E7E6 /* IMNavControl.swift */; };
		5454812C1C35B06800B4E7E6 /* Constants.swift in Sources */ = {isa = PBXBuildFile; fileRef = 5454812B1C35B06800B4E7E6 /* Constants.swift */; };
		545481331C35BC6700B4E7E6 /* circle.png in Resources */ = {isa = PBXBuildFile; fileRef = 545481321C35BC6700B4E7E6 /* circle.png */; };
		545481371C35BD2300B4E7E6 /* delete.png in Resources */ = {isa = PBXBuildFile; fileRef = 545481341C35BD2300B4E7E6 /* delete.png */; };
		545481381C35BD2300B4E7E6 /* edit.png in Resources */ = {isa = PBXBuildFile; fileRef = 545481351C35BD2300B4E7E6 /* edit.png */; };
		545481391C35BD2300B4E7E6 /* move.png in Resources */ = {isa = PBXBuildFile; fileRef = 545481361C35BD2300B4E7E6 /* move.png */; };
		545AE2FD1C94A79E00A46F5F /* DBBuilder.swift in Sources */ = {isa = PBXBuildFile; fileRef = 545AE2FC1C94A79E00A46F5F /* DBBuilder.swift */; };
		545AE2FF1C95122100A46F5F /* default.realm in Resources */ = {isa = PBXBuildFile; fileRef = 545AE2FE1C95122100A46F5F /* default.realm */; };
		545AE3001C95122100A46F5F /* default.realm in Resources */ = {isa = PBXBuildFile; fileRef = 545AE2FE1C95122100A46F5F /* default.realm */; };
		545AE3081C951B0D00A46F5F /* Book.swift in Sources */ = {isa = PBXBuildFile; fileRef = 545AE3071C951B0D00A46F5F /* Book.swift */; };
		545AE30A1C951C3800A46F5F /* Faith.swift in Sources */ = {isa = PBXBuildFile; fileRef = 545AE3091C951C3800A46F5F /* Faith.swift */; };
		545AE30C1C951C4300A46F5F /* Author.swift in Sources */ = {isa = PBXBuildFile; fileRef = 545AE30B1C951C4300A46F5F /* Author.swift */; };
		546342F41CD27593001DCEF9 /* NotesCell.swift in Sources */ = {isa = PBXBuildFile; fileRef = 546342F21CD27593001DCEF9 /* NotesCell.swift */; };
		546342F51CD27593001DCEF9 /* NotesCell.xib in Resources */ = {isa = PBXBuildFile; fileRef = 546342F31CD27593001DCEF9 /* NotesCell.xib */; };
		546342FB1CD27E73001DCEF9 /* TagTypeDetail.swift in Sources */ = {isa = PBXBuildFile; fileRef = 546342F91CD27E73001DCEF9 /* TagTypeDetail.swift */; };
		546342FC1CD27E73001DCEF9 /* TagTypeDetail.xib in Resources */ = {isa = PBXBuildFile; fileRef = 546342FA1CD27E73001DCEF9 /* TagTypeDetail.xib */; };
		546794B71BD0CA6A0062FAFB /* HomeView.swift in Sources */ = {isa = PBXBuildFile; fileRef = 546794B61BD0CA6A0062FAFB /* HomeView.swift */; };
		546794B91BD0CA8A0062FAFB /* LibraryView.swift in Sources */ = {isa = PBXBuildFile; fileRef = 546794B81BD0CA8A0062FAFB /* LibraryView.swift */; };
		546794BB1BD0CA9C0062FAFB /* TagsView.swift in Sources */ = {isa = PBXBuildFile; fileRef = 546794BA1BD0CA9C0062FAFB /* TagsView.swift */; };
		546794BD1BD0CAAF0062FAFB /* NotesView.swift in Sources */ = {isa = PBXBuildFile; fileRef = 546794BC1BD0CAAF0062FAFB /* NotesView.swift */; };
		546794BF1BD0CAC20062FAFB /* CrossRefView.swift in Sources */ = {isa = PBXBuildFile; fileRef = 546794BE1BD0CAC20062FAFB /* CrossRefView.swift */; };
		546794C11BD0CAD10062FAFB /* SettingsView.swift in Sources */ = {isa = PBXBuildFile; fileRef = 546794C01BD0CAD10062FAFB /* SettingsView.swift */; };
		546794E81BD0CC490062FAFB /* DataManager.swift in Sources */ = {isa = PBXBuildFile; fileRef = 546794E71BD0CC490062FAFB /* DataManager.swift */; };
		546794F21BD0CC9A0062FAFB /* UserService.swift in Sources */ = {isa = PBXBuildFile; fileRef = 546794F11BD0CC9A0062FAFB /* UserService.swift */; };
		546794F71BD0CCCA0062FAFB /* Note.swift in Sources */ = {isa = PBXBuildFile; fileRef = 546794F61BD0CCCA0062FAFB /* Note.swift */; };
		546794F91BD0CCD40062FAFB /* Tag.swift in Sources */ = {isa = PBXBuildFile; fileRef = 546794F81BD0CCD40062FAFB /* Tag.swift */; };
		546794FB1BD0CCDE0062FAFB /* CrossRef.swift in Sources */ = {isa = PBXBuildFile; fileRef = 546794FA1BD0CCDE0062FAFB /* CrossRef.swift */; };
		546795001BD0CD370062FAFB /* ShareService.swift in Sources */ = {isa = PBXBuildFile; fileRef = 546794FF1BD0CD370062FAFB /* ShareService.swift */; };
		546795061BD0CFF20062FAFB /* NavTray.swift in Sources */ = {isa = PBXBuildFile; fileRef = 546795051BD0CFF20062FAFB /* NavTray.swift */; };
		546795081BD0D00E0062FAFB /* Util.swift in Sources */ = {isa = PBXBuildFile; fileRef = 546795071BD0D00E0062FAFB /* Util.swift */; };
		5467950A1BD1EC9E0062FAFB /* menu.png in Resources */ = {isa = PBXBuildFile; fileRef = 546795091BD1EC9E0062FAFB /* menu.png */; };
		5483BED11B95FAA70037359C /* AppDelegate.swift in Sources */ = {isa = PBXBuildFile; fileRef = 5483BED01B95FAA70037359C /* AppDelegate.swift */; };
		5483BED61B95FAA70037359C /* Main.storyboard in Resources */ = {isa = PBXBuildFile; fileRef = 5483BED41B95FAA70037359C /* Main.storyboard */; };
		5483BED81B95FAA70037359C /* Images.xcassets in Resources */ = {isa = PBXBuildFile; fileRef = 5483BED71B95FAA70037359C /* Images.xcassets */; };
		5483BEDB1B95FAA70037359C /* LaunchScreen.xib in Resources */ = {isa = PBXBuildFile; fileRef = 5483BED91B95FAA70037359C /* LaunchScreen.xib */; };
		5483BEE71B95FAA70037359C /* ImmerseTests.swift in Sources */ = {isa = PBXBuildFile; fileRef = 5483BEE61B95FAA70037359C /* ImmerseTests.swift */; };
		548DD4B01C41E74500B170F3 /* cross.png in Resources */ = {isa = PBXBuildFile; fileRef = 548DD4AF1C41E74500B170F3 /* cross.png */; };
		548DD4B21C41EC7A00B170F3 /* Social.framework in Frameworks */ = {isa = PBXBuildFile; fileRef = 548DD4B11C41EC7A00B170F3 /* Social.framework */; };
		54A91DFD1C4326A000B4D2B2 /* note.png in Resources */ = {isa = PBXBuildFile; fileRef = 54A91DFA1C4326A000B4D2B2 /* note.png */; };
		54A91DFE1C4326A000B4D2B2 /* ref.png in Resources */ = {isa = PBXBuildFile; fileRef = 54A91DFB1C4326A000B4D2B2 /* ref.png */; };
		54A91DFF1C4326A000B4D2B2 /* tag.png in Resources */ = {isa = PBXBuildFile; fileRef = 54A91DFC1C4326A000B4D2B2 /* tag.png */; };
		54B9942E1C4B350E00B873EC /* complete.png in Resources */ = {isa = PBXBuildFile; fileRef = 54B9942C1C4B350E00B873EC /* complete.png */; };
		54B9942F1C4B350E00B873EC /* progress.png in Resources */ = {isa = PBXBuildFile; fileRef = 54B9942D1C4B350E00B873EC /* progress.png */; };
		54C2B3591CD45F0C00F7B862 /* CrossRefCell.swift in Sources */ = {isa = PBXBuildFile; fileRef = 54C2B3571CD45F0C00F7B862 /* CrossRefCell.swift */; };
		54C2B35A1CD45F0C00F7B862 /* CrossRefCell.xib in Resources */ = {isa = PBXBuildFile; fileRef = 54C2B3581CD45F0C00F7B862 /* CrossRefCell.xib */; };
		54C2B35C1CD47F5900F7B862 /* order.png in Resources */ = {isa = PBXBuildFile; fileRef = 54C2B35B1CD47F5900F7B862 /* order.png */; };
		54C2B35E1CD4807500F7B862 /* sort.png in Resources */ = {isa = PBXBuildFile; fileRef = 54C2B35D1CD4807500F7B862 /* sort.png */; };
		54D822121CE00726007FEBB0 /* Progress.swift in Sources */ = {isa = PBXBuildFile; fileRef = 54D822111CE00726007FEBB0 /* Progress.swift */; };
		54E5D74F1BDD6930009F3665 /* Icon-40.png in Resources */ = {isa = PBXBuildFile; fileRef = 54E5D7451BDD6930009F3665 /* Icon-40.png */; };
		54E5D7501BDD6930009F3665 /* Icon-40@2x.png in Resources */ = {isa = PBXBuildFile; fileRef = 54E5D7461BDD6930009F3665 /* Icon-40@2x.png */; };
		54E5D7511BDD6930009F3665 /* Icon-40@3x.png in Resources */ = {isa = PBXBuildFile; fileRef = 54E5D7471BDD6930009F3665 /* Icon-40@3x.png */; };
		54E5D7521BDD6930009F3665 /* Icon-60@2x.png in Resources */ = {isa = PBXBuildFile; fileRef = 54E5D7481BDD6930009F3665 /* Icon-60@2x.png */; };
		54E5D7531BDD6930009F3665 /* Icon-60@3x.png in Resources */ = {isa = PBXBuildFile; fileRef = 54E5D7491BDD6930009F3665 /* Icon-60@3x.png */; };
		54E5D7541BDD6930009F3665 /* Icon-76.png in Resources */ = {isa = PBXBuildFile; fileRef = 54E5D74A1BDD6930009F3665 /* Icon-76.png */; };
		54E5D7551BDD6930009F3665 /* Icon-76@2x.png in Resources */ = {isa = PBXBuildFile; fileRef = 54E5D74B1BDD6930009F3665 /* Icon-76@2x.png */; };
		54E5D7561BDD6930009F3665 /* Icon-Small.png in Resources */ = {isa = PBXBuildFile; fileRef = 54E5D74C1BDD6930009F3665 /* Icon-Small.png */; };
		54E5D7571BDD6930009F3665 /* Icon-Small@2x.png in Resources */ = {isa = PBXBuildFile; fileRef = 54E5D74D1BDD6930009F3665 /* Icon-Small@2x.png */; };
		54E5D7581BDD6930009F3665 /* Icon-Small@3x.png in Resources */ = {isa = PBXBuildFile; fileRef = 54E5D74E1BDD6930009F3665 /* Icon-Small@3x.png */; };
		54E5D75C1BE33463009F3665 /* Test.m in Sources */ = {isa = PBXBuildFile; fileRef = 54E5D75B1BE33463009F3665 /* Test.m */; };
		54FFC3E61BF82C140041458D /* QuartzCore.framework in Frameworks */ = {isa = PBXBuildFile; fileRef = 54FFC3E51BF82C140041458D /* QuartzCore.framework */; };
		E91A37593168B2754A6BC431 /* Pods.framework in Frameworks */ = {isa = PBXBuildFile; fileRef = 9104F0529718EC07A125BDFE /* Pods.framework */; };
/* End PBXBuildFile section */

/* Begin PBXContainerItemProxy section */
		5483BEE11B95FAA70037359C /* PBXContainerItemProxy */ = {
			isa = PBXContainerItemProxy;
			containerPortal = 5483BEC31B95FAA70037359C /* Project object */;
			proxyType = 1;
			remoteGlobalIDString = 5483BECA1B95FAA70037359C;
			remoteInfo = Immerse;
		};
/* End PBXContainerItemProxy section */

/* Begin PBXFileReference section */
		0C4E41121568ECD7C159A32C /* Pods.release.xcconfig */ = {isa = PBXFileReference; includeInIndex = 1; lastKnownFileType = text.xcconfig; name = Pods.release.xcconfig; path = "Pods/Target Support Files/Pods/Pods.release.xcconfig"; sourceTree = "<group>"; };
		4ACE5D80873F6774CFD230B8 /* Pods.debug.xcconfig */ = {isa = PBXFileReference; includeInIndex = 1; lastKnownFileType = text.xcconfig; name = Pods.debug.xcconfig; path = "Pods/Target Support Files/Pods/Pods.debug.xcconfig"; sourceTree = "<group>"; };
		5415B7C91CBF34B500946055 /* testWritings.txt */ = {isa = PBXFileReference; fileEncoding = 4; lastKnownFileType = text; path = testWritings.txt; sourceTree = "<group>"; };
		5415B7CB1CBF62D900946055 /* LibraryBookCell.xib */ = {isa = PBXFileReference; fileEncoding = 4; lastKnownFileType = file.xib; path = LibraryBookCell.xib; sourceTree = "<group>"; };
		5423FE721CCB4F360042933F /* ReaderCell.xib */ = {isa = PBXFileReference; fileEncoding = 4; lastKnownFileType = file.xib; path = ReaderCell.xib; sourceTree = "<group>"; };
		5423FE741CCC9F890042933F /* ReaderCell.swift */ = {isa = PBXFileReference; fileEncoding = 4; lastKnownFileType = sourcecode.swift; path = ReaderCell.swift; sourceTree = "<group>"; };
		5423FE761CCDE3630042933F /* CreateTagView.swift */ = {isa = PBXFileReference; fileEncoding = 4; lastKnownFileType = sourcecode.swift; path = CreateTagView.swift; sourceTree = "<group>"; };
		5423FE771CCDE3630042933F /* CreateTagView.xib */ = {isa = PBXFileReference; fileEncoding = 4; lastKnownFileType = file.xib; path = CreateTagView.xib; sourceTree = "<group>"; };
		5424A8711CBB1CF700AF6B43 /* FaithViewModel.swift */ = {isa = PBXFileReference; fileEncoding = 4; lastKnownFileType = sourcecode.swift; path = FaithViewModel.swift; sourceTree = "<group>"; };
		5424A8731CBB1D0800AF6B43 /* AuthorViewModel.swift */ = {isa = PBXFileReference; fileEncoding = 4; lastKnownFileType = sourcecode.swift; path = AuthorViewModel.swift; sourceTree = "<group>"; };
		5424A8751CBB1D1100AF6B43 /* BookViewModel.swift */ = {isa = PBXFileReference; fileEncoding = 4; lastKnownFileType = sourcecode.swift; path = BookViewModel.swift; sourceTree = "<group>"; };
		5424A8771CBB1D1F00AF6B43 /* RecordViewModel.swift */ = {isa = PBXFileReference; fileEncoding = 4; lastKnownFileType = sourcecode.swift; path = RecordViewModel.swift; sourceTree = "<group>"; };
		5424A8791CBB1D2800AF6B43 /* NoteViewModel.swift */ = {isa = PBXFileReference; fileEncoding = 4; lastKnownFileType = sourcecode.swift; path = NoteViewModel.swift; sourceTree = "<group>"; };
		5424A87B1CBB1D2F00AF6B43 /* TagViewModel.swift */ = {isa = PBXFileReference; fileEncoding = 4; lastKnownFileType = sourcecode.swift; path = TagViewModel.swift; sourceTree = "<group>"; };
		5424A87D1CBB1D3700AF6B43 /* CrossRefViewModel.swift */ = {isa = PBXFileReference; fileEncoding = 4; lastKnownFileType = sourcecode.swift; path = CrossRefViewModel.swift; sourceTree = "<group>"; };
		5424A87F1CBB1DB300AF6B43 /* GenericViewModel.swift */ = {isa = PBXFileReference; fileEncoding = 4; lastKnownFileType = sourcecode.swift; path = GenericViewModel.swift; sourceTree = "<group>"; };
		5424A8811CBB1DD200AF6B43 /* GenericModelInterface.swift */ = {isa = PBXFileReference; fileEncoding = 4; lastKnownFileType = sourcecode.swift; path = GenericModelInterface.swift; sourceTree = "<group>"; };
		5424A8921CBB55B500AF6B43 /* LibrarySubView.swift */ = {isa = PBXFileReference; fileEncoding = 4; lastKnownFileType = sourcecode.swift; path = LibrarySubView.swift; sourceTree = "<group>"; };
		5425CD3F1BD9F4990047A8AD /* RealmService.swift */ = {isa = PBXFileReference; fileEncoding = 4; lastKnownFileType = sourcecode.swift; path = RealmService.swift; sourceTree = "<group>"; };
		5431DBBA1C9494BE00756842 /* Record.swift */ = {isa = PBXFileReference; fileEncoding = 4; lastKnownFileType = sourcecode.swift; path = Record.swift; sourceTree = "<group>"; };
		544798131CD08B7E00CA391E /* LibraryBookCell.swift */ = {isa = PBXFileReference; fileEncoding = 4; lastKnownFileType = sourcecode.swift; path = LibraryBookCell.swift; sourceTree = "<group>"; };
		544798191CD08DED00CA391E /* TagTypeDetailView.swift */ = {isa = PBXFileReference; fileEncoding = 4; lastKnownFileType = sourcecode.swift; path = TagTypeDetailView.swift; sourceTree = "<group>"; };
		5447981A1CD08DED00CA391E /* TagTypeDetailView.xib */ = {isa = PBXFileReference; fileEncoding = 4; lastKnownFileType = file.xib; path = TagTypeDetailView.xib; sourceTree = "<group>"; };
		5447981D1CD0941500CA391E /* CreateNoteView.swift */ = {isa = PBXFileReference; fileEncoding = 4; lastKnownFileType = sourcecode.swift; path = CreateNoteView.swift; sourceTree = "<group>"; };
		5447981E1CD0941500CA391E /* CreateNoteView.xib */ = {isa = PBXFileReference; fileEncoding = 4; lastKnownFileType = file.xib; path = CreateNoteView.xib; sourceTree = "<group>"; };
		544798211CD099B500CA391E /* CreateCrossRefView.swift */ = {isa = PBXFileReference; fileEncoding = 4; lastKnownFileType = sourcecode.swift; path = CreateCrossRefView.swift; sourceTree = "<group>"; };
		544798221CD099B500CA391E /* CreateCrossRefView.xib */ = {isa = PBXFileReference; fileEncoding = 4; lastKnownFileType = file.xib; path = CreateCrossRefView.xib; sourceTree = "<group>"; };
		544AA71C1CC1C009005118AA /* ReaderView.swift */ = {isa = PBXFileReference; fileEncoding = 4; lastKnownFileType = sourcecode.swift; path = ReaderView.swift; sourceTree = "<group>"; };
		544AA71D1CC1C009005118AA /* ReaderView.xib */ = {isa = PBXFileReference; fileEncoding = 4; lastKnownFileType = file.xib; path = ReaderView.xib; sourceTree = "<group>"; };
		545481261C35A36600B4E7E6 /* IMNavControl.swift */ = {isa = PBXFileReference; fileEncoding = 4; lastKnownFileType = sourcecode.swift; path = IMNavControl.swift; sourceTree = "<group>"; };
		5454812B1C35B06800B4E7E6 /* Constants.swift */ = {isa = PBXFileReference; fileEncoding = 4; lastKnownFileType = sourcecode.swift; path = Constants.swift; sourceTree = "<group>"; };
		545481321C35BC6700B4E7E6 /* circle.png */ = {isa = PBXFileReference; lastKnownFileType = image.png; path = circle.png; sourceTree = "<group>"; };
		545481341C35BD2300B4E7E6 /* delete.png */ = {isa = PBXFileReference; lastKnownFileType = image.png; path = delete.png; sourceTree = "<group>"; };
		545481351C35BD2300B4E7E6 /* edit.png */ = {isa = PBXFileReference; lastKnownFileType = image.png; path = edit.png; sourceTree = "<group>"; };
		545481361C35BD2300B4E7E6 /* move.png */ = {isa = PBXFileReference; lastKnownFileType = image.png; path = move.png; sourceTree = "<group>"; };
		545AE2FC1C94A79E00A46F5F /* DBBuilder.swift */ = {isa = PBXFileReference; fileEncoding = 4; lastKnownFileType = sourcecode.swift; path = DBBuilder.swift; sourceTree = "<group>"; };
		545AE2FE1C95122100A46F5F /* default.realm */ = {isa = PBXFileReference; lastKnownFileType = file; path = default.realm; sourceTree = "<group>"; };
		545AE3071C951B0D00A46F5F /* Book.swift */ = {isa = PBXFileReference; fileEncoding = 4; lastKnownFileType = sourcecode.swift; path = Book.swift; sourceTree = "<group>"; };
		545AE3091C951C3800A46F5F /* Faith.swift */ = {isa = PBXFileReference; fileEncoding = 4; lastKnownFileType = sourcecode.swift; path = Faith.swift; sourceTree = "<group>"; };
		545AE30B1C951C4300A46F5F /* Author.swift */ = {isa = PBXFileReference; fileEncoding = 4; lastKnownFileType = sourcecode.swift; path = Author.swift; sourceTree = "<group>"; };
		546342F21CD27593001DCEF9 /* NotesCell.swift */ = {isa = PBXFileReference; fileEncoding = 4; lastKnownFileType = sourcecode.swift; path = NotesCell.swift; sourceTree = "<group>"; };
		546342F31CD27593001DCEF9 /* NotesCell.xib */ = {isa = PBXFileReference; fileEncoding = 4; lastKnownFileType = file.xib; path = NotesCell.xib; sourceTree = "<group>"; };
		546342F91CD27E73001DCEF9 /* TagTypeDetail.swift */ = {isa = PBXFileReference; fileEncoding = 4; lastKnownFileType = sourcecode.swift; path = TagTypeDetail.swift; sourceTree = "<group>"; };
		546342FA1CD27E73001DCEF9 /* TagTypeDetail.xib */ = {isa = PBXFileReference; fileEncoding = 4; lastKnownFileType = file.xib; path = TagTypeDetail.xib; sourceTree = "<group>"; };
		546794B61BD0CA6A0062FAFB /* HomeView.swift */ = {isa = PBXFileReference; fileEncoding = 4; lastKnownFileType = sourcecode.swift; path = HomeView.swift; sourceTree = "<group>"; };
		546794B81BD0CA8A0062FAFB /* LibraryView.swift */ = {isa = PBXFileReference; fileEncoding = 4; lastKnownFileType = sourcecode.swift; path = LibraryView.swift; sourceTree = "<group>"; };
		546794BA1BD0CA9C0062FAFB /* TagsView.swift */ = {isa = PBXFileReference; fileEncoding = 4; lastKnownFileType = sourcecode.swift; path = TagsView.swift; sourceTree = "<group>"; };
		546794BC1BD0CAAF0062FAFB /* NotesView.swift */ = {isa = PBXFileReference; fileEncoding = 4; lastKnownFileType = sourcecode.swift; path = NotesView.swift; sourceTree = "<group>"; };
		546794BE1BD0CAC20062FAFB /* CrossRefView.swift */ = {isa = PBXFileReference; fileEncoding = 4; lastKnownFileType = sourcecode.swift; path = CrossRefView.swift; sourceTree = "<group>"; };
		546794C01BD0CAD10062FAFB /* SettingsView.swift */ = {isa = PBXFileReference; fileEncoding = 4; lastKnownFileType = sourcecode.swift; path = SettingsView.swift; sourceTree = "<group>"; };
		546794E71BD0CC490062FAFB /* DataManager.swift */ = {isa = PBXFileReference; fileEncoding = 4; lastKnownFileType = sourcecode.swift; path = DataManager.swift; sourceTree = "<group>"; };
		546794F11BD0CC9A0062FAFB /* UserService.swift */ = {isa = PBXFileReference; fileEncoding = 4; lastKnownFileType = sourcecode.swift; path = UserService.swift; sourceTree = "<group>"; };
		546794F61BD0CCCA0062FAFB /* Note.swift */ = {isa = PBXFileReference; fileEncoding = 4; lastKnownFileType = sourcecode.swift; path = Note.swift; sourceTree = "<group>"; };
		546794F81BD0CCD40062FAFB /* Tag.swift */ = {isa = PBXFileReference; fileEncoding = 4; lastKnownFileType = sourcecode.swift; path = Tag.swift; sourceTree = "<group>"; };
		546794FA1BD0CCDE0062FAFB /* CrossRef.swift */ = {isa = PBXFileReference; fileEncoding = 4; lastKnownFileType = sourcecode.swift; path = CrossRef.swift; sourceTree = "<group>"; };
		546794FF1BD0CD370062FAFB /* ShareService.swift */ = {isa = PBXFileReference; fileEncoding = 4; lastKnownFileType = sourcecode.swift; path = ShareService.swift; sourceTree = "<group>"; };
		546795051BD0CFF20062FAFB /* NavTray.swift */ = {isa = PBXFileReference; fileEncoding = 4; lastKnownFileType = sourcecode.swift; path = NavTray.swift; sourceTree = "<group>"; };
		546795071BD0D00E0062FAFB /* Util.swift */ = {isa = PBXFileReference; fileEncoding = 4; lastKnownFileType = sourcecode.swift; path = Util.swift; sourceTree = "<group>"; };
		546795091BD1EC9E0062FAFB /* menu.png */ = {isa = PBXFileReference; lastKnownFileType = image.png; path = menu.png; sourceTree = "<group>"; };
		5483BECB1B95FAA70037359C /* Immerse.app */ = {isa = PBXFileReference; explicitFileType = wrapper.application; includeInIndex = 0; path = Immerse.app; sourceTree = BUILT_PRODUCTS_DIR; };
		5483BECF1B95FAA70037359C /* Info.plist */ = {isa = PBXFileReference; lastKnownFileType = text.plist.xml; path = Info.plist; sourceTree = "<group>"; };
		5483BED01B95FAA70037359C /* AppDelegate.swift */ = {isa = PBXFileReference; lastKnownFileType = sourcecode.swift; path = AppDelegate.swift; sourceTree = "<group>"; };
		5483BED51B95FAA70037359C /* Base */ = {isa = PBXFileReference; lastKnownFileType = file.storyboard; name = Base; path = Base.lproj/Main.storyboard; sourceTree = "<group>"; };
		5483BED71B95FAA70037359C /* Images.xcassets */ = {isa = PBXFileReference; lastKnownFileType = folder.assetcatalog; path = Images.xcassets; sourceTree = "<group>"; };
		5483BEDA1B95FAA70037359C /* Base */ = {isa = PBXFileReference; lastKnownFileType = file.xib; name = Base; path = Base.lproj/LaunchScreen.xib; sourceTree = "<group>"; };
		5483BEE01B95FAA70037359C /* ImmerseTests.xctest */ = {isa = PBXFileReference; explicitFileType = wrapper.cfbundle; includeInIndex = 0; path = ImmerseTests.xctest; sourceTree = BUILT_PRODUCTS_DIR; };
		5483BEE51B95FAA70037359C /* Info.plist */ = {isa = PBXFileReference; lastKnownFileType = text.plist.xml; path = Info.plist; sourceTree = "<group>"; };
		5483BEE61B95FAA70037359C /* ImmerseTests.swift */ = {isa = PBXFileReference; lastKnownFileType = sourcecode.swift; path = ImmerseTests.swift; sourceTree = "<group>"; };
		548DD4AF1C41E74500B170F3 /* cross.png */ = {isa = PBXFileReference; lastKnownFileType = image.png; path = cross.png; sourceTree = "<group>"; };
		548DD4B11C41EC7A00B170F3 /* Social.framework */ = {isa = PBXFileReference; lastKnownFileType = wrapper.framework; name = Social.framework; path = System/Library/Frameworks/Social.framework; sourceTree = SDKROOT; };
		54A91DFA1C4326A000B4D2B2 /* note.png */ = {isa = PBXFileReference; lastKnownFileType = image.png; path = note.png; sourceTree = "<group>"; };
		54A91DFB1C4326A000B4D2B2 /* ref.png */ = {isa = PBXFileReference; lastKnownFileType = image.png; path = ref.png; sourceTree = "<group>"; };
		54A91DFC1C4326A000B4D2B2 /* tag.png */ = {isa = PBXFileReference; lastKnownFileType = image.png; path = tag.png; sourceTree = "<group>"; };
		54B9942C1C4B350E00B873EC /* complete.png */ = {isa = PBXFileReference; lastKnownFileType = image.png; path = complete.png; sourceTree = "<group>"; };
		54B9942D1C4B350E00B873EC /* progress.png */ = {isa = PBXFileReference; lastKnownFileType = image.png; path = progress.png; sourceTree = "<group>"; };
		54C2B3571CD45F0C00F7B862 /* CrossRefCell.swift */ = {isa = PBXFileReference; fileEncoding = 4; lastKnownFileType = sourcecode.swift; path = CrossRefCell.swift; sourceTree = "<group>"; };
		54C2B3581CD45F0C00F7B862 /* CrossRefCell.xib */ = {isa = PBXFileReference; fileEncoding = 4; lastKnownFileType = file.xib; path = CrossRefCell.xib; sourceTree = "<group>"; };
		54C2B35B1CD47F5900F7B862 /* order.png */ = {isa = PBXFileReference; lastKnownFileType = image.png; path = order.png; sourceTree = "<group>"; };
		54C2B35D1CD4807500F7B862 /* sort.png */ = {isa = PBXFileReference; lastKnownFileType = image.png; path = sort.png; sourceTree = "<group>"; };
		54D822111CE00726007FEBB0 /* Progress.swift */ = {isa = PBXFileReference; fileEncoding = 4; lastKnownFileType = sourcecode.swift; path = Progress.swift; sourceTree = "<group>"; };
		54E5D7451BDD6930009F3665 /* Icon-40.png */ = {isa = PBXFileReference; lastKnownFileType = image.png; path = "Icon-40.png"; sourceTree = "<group>"; };
		54E5D7461BDD6930009F3665 /* Icon-40@2x.png */ = {isa = PBXFileReference; lastKnownFileType = image.png; path = "Icon-40@2x.png"; sourceTree = "<group>"; };
		54E5D7471BDD6930009F3665 /* Icon-40@3x.png */ = {isa = PBXFileReference; lastKnownFileType = image.png; path = "Icon-40@3x.png"; sourceTree = "<group>"; };
		54E5D7481BDD6930009F3665 /* Icon-60@2x.png */ = {isa = PBXFileReference; lastKnownFileType = image.png; path = "Icon-60@2x.png"; sourceTree = "<group>"; };
		54E5D7491BDD6930009F3665 /* Icon-60@3x.png */ = {isa = PBXFileReference; lastKnownFileType = image.png; path = "Icon-60@3x.png"; sourceTree = "<group>"; };
		54E5D74A1BDD6930009F3665 /* Icon-76.png */ = {isa = PBXFileReference; lastKnownFileType = image.png; path = "Icon-76.png"; sourceTree = "<group>"; };
		54E5D74B1BDD6930009F3665 /* Icon-76@2x.png */ = {isa = PBXFileReference; lastKnownFileType = image.png; path = "Icon-76@2x.png"; sourceTree = "<group>"; };
		54E5D74C1BDD6930009F3665 /* Icon-Small.png */ = {isa = PBXFileReference; lastKnownFileType = image.png; path = "Icon-Small.png"; sourceTree = "<group>"; };
		54E5D74D1BDD6930009F3665 /* Icon-Small@2x.png */ = {isa = PBXFileReference; lastKnownFileType = image.png; path = "Icon-Small@2x.png"; sourceTree = "<group>"; };
		54E5D74E1BDD6930009F3665 /* Icon-Small@3x.png */ = {isa = PBXFileReference; lastKnownFileType = image.png; path = "Icon-Small@3x.png"; sourceTree = "<group>"; };
		54E5D7591BE33462009F3665 /* Immerse-Bridging-Header.h */ = {isa = PBXFileReference; lastKnownFileType = sourcecode.c.h; path = "Immerse-Bridging-Header.h"; sourceTree = "<group>"; };
		54E5D75A1BE33463009F3665 /* Test.h */ = {isa = PBXFileReference; fileEncoding = 4; lastKnownFileType = sourcecode.c.h; path = Test.h; sourceTree = "<group>"; };
		54E5D75B1BE33463009F3665 /* Test.m */ = {isa = PBXFileReference; fileEncoding = 4; lastKnownFileType = sourcecode.c.objc; path = Test.m; sourceTree = "<group>"; };
		54FFC3E51BF82C140041458D /* QuartzCore.framework */ = {isa = PBXFileReference; lastKnownFileType = wrapper.framework; name = QuartzCore.framework; path = System/Library/Frameworks/QuartzCore.framework; sourceTree = SDKROOT; };
		9104F0529718EC07A125BDFE /* Pods.framework */ = {isa = PBXFileReference; explicitFileType = wrapper.framework; includeInIndex = 0; path = Pods.framework; sourceTree = BUILT_PRODUCTS_DIR; };
/* End PBXFileReference section */

/* Begin PBXFrameworksBuildPhase section */
		5483BEC81B95FAA70037359C /* Frameworks */ = {
			isa = PBXFrameworksBuildPhase;
			buildActionMask = 2147483647;
			files = (
				548DD4B21C41EC7A00B170F3 /* Social.framework in Frameworks */,
				54FFC3E61BF82C140041458D /* QuartzCore.framework in Frameworks */,
				E91A37593168B2754A6BC431 /* Pods.framework in Frameworks */,
			);
			runOnlyForDeploymentPostprocessing = 0;
		};
		5483BEDD1B95FAA70037359C /* Frameworks */ = {
			isa = PBXFrameworksBuildPhase;
			buildActionMask = 2147483647;
			files = (
			);
			runOnlyForDeploymentPostprocessing = 0;
		};
/* End PBXFrameworksBuildPhase section */

/* Begin PBXGroup section */
		14B5686426E505E40FB7BDFF /* Frameworks */ = {
			isa = PBXGroup;
			children = (
				548DD4B11C41EC7A00B170F3 /* Social.framework */,
				54FFC3E51BF82C140041458D /* QuartzCore.framework */,
				9104F0529718EC07A125BDFE /* Pods.framework */,
			);
			name = Frameworks;
			sourceTree = "<group>";
		};
		5431DBB71C9490DA00756842 /* ViewModel */ = {
			isa = PBXGroup;
			children = (
				5424A87F1CBB1DB300AF6B43 /* GenericViewModel.swift */,
				5424A8711CBB1CF700AF6B43 /* FaithViewModel.swift */,
				5424A8731CBB1D0800AF6B43 /* AuthorViewModel.swift */,
				5424A8751CBB1D1100AF6B43 /* BookViewModel.swift */,
				5424A8771CBB1D1F00AF6B43 /* RecordViewModel.swift */,
				5424A8791CBB1D2800AF6B43 /* NoteViewModel.swift */,
				5424A87B1CBB1D2F00AF6B43 /* TagViewModel.swift */,
				5424A87D1CBB1D3700AF6B43 /* CrossRefViewModel.swift */,
			);
			name = ViewModel;
			sourceTree = "<group>";
		};
		5431DBB91C94912000756842 /* View Controllers */ = {
			isa = PBXGroup;
			children = (
				546794B61BD0CA6A0062FAFB /* HomeView.swift */,
				546794B81BD0CA8A0062FAFB /* LibraryView.swift */,
				5424A8921CBB55B500AF6B43 /* LibrarySubView.swift */,
				546794BA1BD0CA9C0062FAFB /* TagsView.swift */,
				546794BC1BD0CAAF0062FAFB /* NotesView.swift */,
				546794BE1BD0CAC20062FAFB /* CrossRefView.swift */,
				546794C01BD0CAD10062FAFB /* SettingsView.swift */,
				544AA71C1CC1C009005118AA /* ReaderView.swift */,
				5423FE761CCDE3630042933F /* CreateTagView.swift */,
				5447981D1CD0941500CA391E /* CreateNoteView.swift */,
				544798211CD099B500CA391E /* CreateCrossRefView.swift */,
				544798191CD08DED00CA391E /* TagTypeDetailView.swift */,
			);
			name = "View Controllers";
			sourceTree = "<group>";
		};
		5454812A1C35AA4A00B4E7E6 /* Views */ = {
			isa = PBXGroup;
			children = (
				5483BED41B95FAA70037359C /* Main.storyboard */,
				5483BED91B95FAA70037359C /* LaunchScreen.xib */,
				546342F61CD275A0001DCEF9 /* Cells */,
				544AA71D1CC1C009005118AA /* ReaderView.xib */,
				5423FE771CCDE3630042933F /* CreateTagView.xib */,
				5447981E1CD0941500CA391E /* CreateNoteView.xib */,
				544798221CD099B500CA391E /* CreateCrossRefView.xib */,
				5447981A1CD08DED00CA391E /* TagTypeDetailView.xib */,
			);
			name = Views;
			sourceTree = "<group>";
		};
		546342F61CD275A0001DCEF9 /* Cells */ = {
			isa = PBXGroup;
			children = (
				5415B7CB1CBF62D900946055 /* LibraryBookCell.xib */,
				544798131CD08B7E00CA391E /* LibraryBookCell.swift */,
				5423FE721CCB4F360042933F /* ReaderCell.xib */,
				5423FE741CCC9F890042933F /* ReaderCell.swift */,
				546342F31CD27593001DCEF9 /* NotesCell.xib */,
				546342F21CD27593001DCEF9 /* NotesCell.swift */,
				54C2B3581CD45F0C00F7B862 /* CrossRefCell.xib */,
				54C2B3571CD45F0C00F7B862 /* CrossRefCell.swift */,
				546342FA1CD27E73001DCEF9 /* TagTypeDetail.xib */,
				546342F91CD27E73001DCEF9 /* TagTypeDetail.swift */,
			);
			name = Cells;
			sourceTree = "<group>";
		};
		546794F31BD0CC9E0062FAFB /* Services */ = {
			isa = PBXGroup;
			children = (
				545AE2FC1C94A79E00A46F5F /* DBBuilder.swift */,
				546794E71BD0CC490062FAFB /* DataManager.swift */,
				546794FF1BD0CD370062FAFB /* ShareService.swift */,
				546794F11BD0CC9A0062FAFB /* UserService.swift */,
				5425CD3F1BD9F4990047A8AD /* RealmService.swift */,
			);
			name = Services;
			sourceTree = "<group>";
		};
		546794FE1BD0CD180062FAFB /* Model */ = {
			isa = PBXGroup;
			children = (
				5424A8811CBB1DD200AF6B43 /* GenericModelInterface.swift */,
				545AE3091C951C3800A46F5F /* Faith.swift */,
				545AE30B1C951C4300A46F5F /* Author.swift */,
				545AE3071C951B0D00A46F5F /* Book.swift */,
				5431DBBA1C9494BE00756842 /* Record.swift */,
				546794F61BD0CCCA0062FAFB /* Note.swift */,
				546794F81BD0CCD40062FAFB /* Tag.swift */,
				546794FA1BD0CCDE0062FAFB /* CrossRef.swift */,
				54D822111CE00726007FEBB0 /* Progress.swift */,
			);
			name = Model;
			sourceTree = "<group>";
		};
		5483BEC21B95FAA70037359C = {
			isa = PBXGroup;
			children = (
				5483BECD1B95FAA70037359C /* Immerse */,
				5483BEE31B95FAA70037359C /* ImmerseTests */,
				5483BECC1B95FAA70037359C /* Products */,
				9E0AC03E7325E8958B930D3C /* Pods */,
				14B5686426E505E40FB7BDFF /* Frameworks */,
			);
			sourceTree = "<group>";
		};
		5483BECC1B95FAA70037359C /* Products */ = {
			isa = PBXGroup;
			children = (
				5483BECB1B95FAA70037359C /* Immerse.app */,
				5483BEE01B95FAA70037359C /* ImmerseTests.xctest */,
			);
			name = Products;
			sourceTree = "<group>";
		};
		5483BECD1B95FAA70037359C /* Immerse */ = {
			isa = PBXGroup;
			children = (
				5483BED01B95FAA70037359C /* AppDelegate.swift */,
				546795051BD0CFF20062FAFB /* NavTray.swift */,
				545481261C35A36600B4E7E6 /* IMNavControl.swift */,
				546795071BD0D00E0062FAFB /* Util.swift */,
				5454812B1C35B06800B4E7E6 /* Constants.swift */,
				5454812A1C35AA4A00B4E7E6 /* Views */,
				5431DBB91C94912000756842 /* View Controllers */,
				5431DBB71C9490DA00756842 /* ViewModel */,
				546794FE1BD0CD180062FAFB /* Model */,
				546794F31BD0CC9E0062FAFB /* Services */,
				5483BED71B95FAA70037359C /* Images.xcassets */,
				5483BECE1B95FAA70037359C /* Supporting Files */,
			);
			path = Immerse;
			sourceTree = "<group>";
		};
		5483BECE1B95FAA70037359C /* Supporting Files */ = {
			isa = PBXGroup;
			children = (
				54C2B35D1CD4807500F7B862 /* sort.png */,
				54C2B35B1CD47F5900F7B862 /* order.png */,
				5415B7C91CBF34B500946055 /* testWritings.txt */,
				545AE2FE1C95122100A46F5F /* default.realm */,
				54B9942C1C4B350E00B873EC /* complete.png */,
				54B9942D1C4B350E00B873EC /* progress.png */,
				54A91DFA1C4326A000B4D2B2 /* note.png */,
				54A91DFB1C4326A000B4D2B2 /* ref.png */,
				54A91DFC1C4326A000B4D2B2 /* tag.png */,
				548DD4AF1C41E74500B170F3 /* cross.png */,
				545481341C35BD2300B4E7E6 /* delete.png */,
				545481351C35BD2300B4E7E6 /* edit.png */,
				545481361C35BD2300B4E7E6 /* move.png */,
				545481321C35BC6700B4E7E6 /* circle.png */,
				54E5D7451BDD6930009F3665 /* Icon-40.png */,
				54E5D7461BDD6930009F3665 /* Icon-40@2x.png */,
				54E5D7471BDD6930009F3665 /* Icon-40@3x.png */,
				54E5D7481BDD6930009F3665 /* Icon-60@2x.png */,
				54E5D7491BDD6930009F3665 /* Icon-60@3x.png */,
				54E5D74A1BDD6930009F3665 /* Icon-76.png */,
				54E5D74B1BDD6930009F3665 /* Icon-76@2x.png */,
				54E5D74C1BDD6930009F3665 /* Icon-Small.png */,
				54E5D74D1BDD6930009F3665 /* Icon-Small@2x.png */,
				54E5D74E1BDD6930009F3665 /* Icon-Small@3x.png */,
				546795091BD1EC9E0062FAFB /* menu.png */,
				5483BECF1B95FAA70037359C /* Info.plist */,
				54E5D75A1BE33463009F3665 /* Test.h */,
				54E5D75B1BE33463009F3665 /* Test.m */,
				54E5D7591BE33462009F3665 /* Immerse-Bridging-Header.h */,
			);
			name = "Supporting Files";
			sourceTree = "<group>";
		};
		5483BEE31B95FAA70037359C /* ImmerseTests */ = {
			isa = PBXGroup;
			children = (
				5483BEE61B95FAA70037359C /* ImmerseTests.swift */,
				5483BEE41B95FAA70037359C /* Supporting Files */,
			);
			path = ImmerseTests;
			sourceTree = "<group>";
		};
		5483BEE41B95FAA70037359C /* Supporting Files */ = {
			isa = PBXGroup;
			children = (
				5483BEE51B95FAA70037359C /* Info.plist */,
			);
			name = "Supporting Files";
			sourceTree = "<group>";
		};
		9E0AC03E7325E8958B930D3C /* Pods */ = {
			isa = PBXGroup;
			children = (
				4ACE5D80873F6774CFD230B8 /* Pods.debug.xcconfig */,
				0C4E41121568ECD7C159A32C /* Pods.release.xcconfig */,
			);
			name = Pods;
			sourceTree = "<group>";
		};
/* End PBXGroup section */

/* Begin PBXNativeTarget section */
		5483BECA1B95FAA70037359C /* Immerse */ = {
			isa = PBXNativeTarget;
			buildConfigurationList = 5483BEEA1B95FAA70037359C /* Build configuration list for PBXNativeTarget "Immerse" */;
			buildPhases = (
				A933B10533284E99DE9CC7EC /* Check Pods Manifest.lock */,
				5483BEC71B95FAA70037359C /* Sources */,
				5483BEC81B95FAA70037359C /* Frameworks */,
				5483BEC91B95FAA70037359C /* Resources */,
				8EA25468A55ED102820F5CE2 /* Embed Pods Frameworks */,
				A46F73B501D627B9A4C05C6C /* Copy Pods Resources */,
			);
			buildRules = (
			);
			dependencies = (
			);
			name = Immerse;
			productName = Immerse;
			productReference = 5483BECB1B95FAA70037359C /* Immerse.app */;
			productType = "com.apple.product-type.application";
		};
		5483BEDF1B95FAA70037359C /* ImmerseTests */ = {
			isa = PBXNativeTarget;
			buildConfigurationList = 5483BEED1B95FAA70037359C /* Build configuration list for PBXNativeTarget "ImmerseTests" */;
			buildPhases = (
				5483BEDC1B95FAA70037359C /* Sources */,
				5483BEDD1B95FAA70037359C /* Frameworks */,
				5483BEDE1B95FAA70037359C /* Resources */,
			);
			buildRules = (
			);
			dependencies = (
				5483BEE21B95FAA70037359C /* PBXTargetDependency */,
			);
			name = ImmerseTests;
			productName = ImmerseTests;
			productReference = 5483BEE01B95FAA70037359C /* ImmerseTests.xctest */;
			productType = "com.apple.product-type.bundle.unit-test";
		};
/* End PBXNativeTarget section */

/* Begin PBXProject section */
		5483BEC31B95FAA70037359C /* Project object */ = {
			isa = PBXProject;
			attributes = {
				LastSwiftUpdateCheck = 0710;
				LastUpgradeCheck = 0700;
				ORGANIZATIONNAME = Immerse;
				TargetAttributes = {
					5483BECA1B95FAA70037359C = {
						CreatedOnToolsVersion = 6.4;
						DevelopmentTeam = CUYMUDSGA4;
					};
					5483BEDF1B95FAA70037359C = {
						CreatedOnToolsVersion = 6.4;
						TestTargetID = 5483BECA1B95FAA70037359C;
					};
				};
			};
			buildConfigurationList = 5483BEC61B95FAA70037359C /* Build configuration list for PBXProject "Immerse" */;
			compatibilityVersion = "Xcode 3.2";
			developmentRegion = English;
			hasScannedForEncodings = 0;
			knownRegions = (
				en,
				Base,
			);
			mainGroup = 5483BEC21B95FAA70037359C;
			productRefGroup = 5483BECC1B95FAA70037359C /* Products */;
			projectDirPath = "";
			projectRoot = "";
			targets = (
				5483BECA1B95FAA70037359C /* Immerse */,
				5483BEDF1B95FAA70037359C /* ImmerseTests */,
			);
		};
/* End PBXProject section */

/* Begin PBXResourcesBuildPhase section */
		5483BEC91B95FAA70037359C /* Resources */ = {
			isa = PBXResourcesBuildPhase;
			buildActionMask = 2147483647;
			files = (
				5483BED61B95FAA70037359C /* Main.storyboard in Resources */,
				5415B7CA1CBF34B500946055 /* testWritings.txt in Resources */,
				5483BEDB1B95FAA70037359C /* LaunchScreen.xib in Resources */,
				545481371C35BD2300B4E7E6 /* delete.png in Resources */,
				54C2B35C1CD47F5900F7B862 /* order.png in Resources */,
				54A91DFF1C4326A000B4D2B2 /* tag.png in Resources */,
				54A91DFD1C4326A000B4D2B2 /* note.png in Resources */,
				5467950A1BD1EC9E0062FAFB /* menu.png in Resources */,
				544798201CD0941500CA391E /* CreateNoteView.xib in Resources */,
				5415B7CC1CBF62D900946055 /* LibraryBookCell.xib in Resources */,
				548DD4B01C41E74500B170F3 /* cross.png in Resources */,
				54E5D7531BDD6930009F3665 /* Icon-60@3x.png in Resources */,
				54E5D74F1BDD6930009F3665 /* Icon-40.png in Resources */,
				54E5D7561BDD6930009F3665 /* Icon-Small.png in Resources */,
				5447981C1CD08DED00CA391E /* TagTypeDetailView.xib in Resources */,
				54E5D7551BDD6930009F3665 /* Icon-76@2x.png in Resources */,
				54E5D7581BDD6930009F3665 /* Icon-Small@3x.png in Resources */,
				5423FE791CCDE3630042933F /* CreateTagView.xib in Resources */,
				544AA71F1CC1C009005118AA /* ReaderView.xib in Resources */,
				54B9942E1C4B350E00B873EC /* complete.png in Resources */,
				546342FC1CD27E73001DCEF9 /* TagTypeDetail.xib in Resources */,
				54C2B35A1CD45F0C00F7B862 /* CrossRefCell.xib in Resources */,
				54E5D7501BDD6930009F3665 /* Icon-40@2x.png in Resources */,
				54E5D7571BDD6930009F3665 /* Icon-Small@2x.png in Resources */,
				54E5D7541BDD6930009F3665 /* Icon-76.png in Resources */,
				545481381C35BD2300B4E7E6 /* edit.png in Resources */,
				54E5D7521BDD6930009F3665 /* Icon-60@2x.png in Resources */,
				54A91DFE1C4326A000B4D2B2 /* ref.png in Resources */,
				545481331C35BC6700B4E7E6 /* circle.png in Resources */,
				5483BED81B95FAA70037359C /* Images.xcassets in Resources */,
				545481391C35BD2300B4E7E6 /* move.png in Resources */,
				54C2B35E1CD4807500F7B862 /* sort.png in Resources */,
				5423FE731CCB4F360042933F /* ReaderCell.xib in Resources */,
				545AE2FF1C95122100A46F5F /* default.realm in Resources */,
				54B9942F1C4B350E00B873EC /* progress.png in Resources */,
				54E5D7511BDD6930009F3665 /* Icon-40@3x.png in Resources */,
				544798241CD099B500CA391E /* CreateCrossRefView.xib in Resources */,
				546342F51CD27593001DCEF9 /* NotesCell.xib in Resources */,
			);
			runOnlyForDeploymentPostprocessing = 0;
		};
		5483BEDE1B95FAA70037359C /* Resources */ = {
			isa = PBXResourcesBuildPhase;
			buildActionMask = 2147483647;
			files = (
				545AE3001C95122100A46F5F /* default.realm in Resources */,
			);
			runOnlyForDeploymentPostprocessing = 0;
		};
/* End PBXResourcesBuildPhase section */

/* Begin PBXShellScriptBuildPhase section */
		8EA25468A55ED102820F5CE2 /* Embed Pods Frameworks */ = {
			isa = PBXShellScriptBuildPhase;
			buildActionMask = 2147483647;
			files = (
			);
			inputPaths = (
			);
			name = "Embed Pods Frameworks";
			outputPaths = (
			);
			runOnlyForDeploymentPostprocessing = 0;
			shellPath = /bin/sh;
			shellScript = "\"${SRCROOT}/Pods/Target Support Files/Pods/Pods-frameworks.sh\"\n";
			showEnvVarsInLog = 0;
		};
		A46F73B501D627B9A4C05C6C /* Copy Pods Resources */ = {
			isa = PBXShellScriptBuildPhase;
			buildActionMask = 2147483647;
			files = (
			);
			inputPaths = (
			);
			name = "Copy Pods Resources";
			outputPaths = (
			);
			runOnlyForDeploymentPostprocessing = 0;
			shellPath = /bin/sh;
			shellScript = "\"${SRCROOT}/Pods/Target Support Files/Pods/Pods-resources.sh\"\n";
			showEnvVarsInLog = 0;
		};
		A933B10533284E99DE9CC7EC /* Check Pods Manifest.lock */ = {
			isa = PBXShellScriptBuildPhase;
			buildActionMask = 2147483647;
			files = (
			);
			inputPaths = (
			);
			name = "Check Pods Manifest.lock";
			outputPaths = (
			);
			runOnlyForDeploymentPostprocessing = 0;
			shellPath = /bin/sh;
			shellScript = "diff \"${PODS_ROOT}/../Podfile.lock\" \"${PODS_ROOT}/Manifest.lock\" > /dev/null\nif [[ $? != 0 ]] ; then\n    cat << EOM\nerror: The sandbox is not in sync with the Podfile.lock. Run 'pod install' or update your CocoaPods installation.\nEOM\n    exit 1\nfi\n";
			showEnvVarsInLog = 0;
		};
/* End PBXShellScriptBuildPhase section */

/* Begin PBXSourcesBuildPhase section */
		5483BEC71B95FAA70037359C /* Sources */ = {
			isa = PBXSourcesBuildPhase;
			buildActionMask = 2147483647;
			files = (
				54C2B3591CD45F0C00F7B862 /* CrossRefCell.swift in Sources */,
				5424A87A1CBB1D2800AF6B43 /* NoteViewModel.swift in Sources */,
				544AA71E1CC1C009005118AA /* ReaderView.swift in Sources */,
				545AE30C1C951C4300A46F5F /* Author.swift in Sources */,
				546794F91BD0CCD40062FAFB /* Tag.swift in Sources */,
				54E5D75C1BE33463009F3665 /* Test.m in Sources */,
				5424A8801CBB1DB300AF6B43 /* GenericViewModel.swift in Sources */,
				5424A8721CBB1CF700AF6B43 /* FaithViewModel.swift in Sources */,
				545AE3081C951B0D00A46F5F /* Book.swift in Sources */,
				5423FE751CCC9F890042933F /* ReaderCell.swift in Sources */,
				546794E81BD0CC490062FAFB /* DataManager.swift in Sources */,
				544798231CD099B500CA391E /* CreateCrossRefView.swift in Sources */,
				5424A8781CBB1D1F00AF6B43 /* RecordViewModel.swift in Sources */,
				546794B91BD0CA8A0062FAFB /* LibraryView.swift in Sources */,
				5431DBBB1C9494BE00756842 /* Record.swift in Sources */,
				545AE2FD1C94A79E00A46F5F /* DBBuilder.swift in Sources */,
				546795081BD0D00E0062FAFB /* Util.swift in Sources */,
				5424A87C1CBB1D2F00AF6B43 /* TagViewModel.swift in Sources */,
				546794C11BD0CAD10062FAFB /* SettingsView.swift in Sources */,
				5423FE781CCDE3630042933F /* CreateTagView.swift in Sources */,
				5447981B1CD08DED00CA391E /* TagTypeDetailView.swift in Sources */,
				545AE30A1C951C3800A46F5F /* Faith.swift in Sources */,
				546795061BD0CFF20062FAFB /* NavTray.swift in Sources */,
				546794F71BD0CCCA0062FAFB /* Note.swift in Sources */,
				546794F21BD0CC9A0062FAFB /* UserService.swift in Sources */,
				545481271C35A36600B4E7E6 /* IMNavControl.swift in Sources */,
				546342FB1CD27E73001DCEF9 /* TagTypeDetail.swift in Sources */,
				546794BB1BD0CA9C0062FAFB /* TagsView.swift in Sources */,
				5424A8931CBB55B500AF6B43 /* LibrarySubView.swift in Sources */,
				5454812C1C35B06800B4E7E6 /* Constants.swift in Sources */,
				546794BF1BD0CAC20062FAFB /* CrossRefView.swift in Sources */,
				546794BD1BD0CAAF0062FAFB /* NotesView.swift in Sources */,
				546794B71BD0CA6A0062FAFB /* HomeView.swift in Sources */,
				546795001BD0CD370062FAFB /* ShareService.swift in Sources */,
				5483BED11B95FAA70037359C /* AppDelegate.swift in Sources */,
				546342F41CD27593001DCEF9 /* NotesCell.swift in Sources */,
				54D822121CE00726007FEBB0 /* Progress.swift in Sources */,
				5424A8821CBB1DD200AF6B43 /* GenericModelInterface.swift in Sources */,
				5424A8761CBB1D1100AF6B43 /* BookViewModel.swift in Sources */,
				5447981F1CD0941500CA391E /* CreateNoteView.swift in Sources */,
				5424A87E1CBB1D3700AF6B43 /* CrossRefViewModel.swift in Sources */,
				5424A8741CBB1D0800AF6B43 /* AuthorViewModel.swift in Sources */,
				546794FB1BD0CCDE0062FAFB /* CrossRef.swift in Sources */,
				544798141CD08B7E00CA391E /* LibraryBookCell.swift in Sources */,
				5425CD401BD9F4990047A8AD /* RealmService.swift in Sources */,
			);
			runOnlyForDeploymentPostprocessing = 0;
		};
		5483BEDC1B95FAA70037359C /* Sources */ = {
			isa = PBXSourcesBuildPhase;
			buildActionMask = 2147483647;
			files = (
				5483BEE71B95FAA70037359C /* ImmerseTests.swift in Sources */,
			);
			runOnlyForDeploymentPostprocessing = 0;
		};
/* End PBXSourcesBuildPhase section */

/* Begin PBXTargetDependency section */
		5483BEE21B95FAA70037359C /* PBXTargetDependency */ = {
			isa = PBXTargetDependency;
			target = 5483BECA1B95FAA70037359C /* Immerse */;
			targetProxy = 5483BEE11B95FAA70037359C /* PBXContainerItemProxy */;
		};
/* End PBXTargetDependency section */

/* Begin PBXVariantGroup section */
		5483BED41B95FAA70037359C /* Main.storyboard */ = {
			isa = PBXVariantGroup;
			children = (
				5483BED51B95FAA70037359C /* Base */,
			);
			name = Main.storyboard;
			sourceTree = "<group>";
		};
		5483BED91B95FAA70037359C /* LaunchScreen.xib */ = {
			isa = PBXVariantGroup;
			children = (
				5483BEDA1B95FAA70037359C /* Base */,
			);
			name = LaunchScreen.xib;
			sourceTree = "<group>";
		};
/* End PBXVariantGroup section */

/* Begin XCBuildConfiguration section */
		5483BEE81B95FAA70037359C /* Debug */ = {
			isa = XCBuildConfiguration;
			buildSettings = {
				ALWAYS_SEARCH_USER_PATHS = NO;
				CLANG_CXX_LANGUAGE_STANDARD = "gnu++0x";
				CLANG_CXX_LIBRARY = "libc++";
				CLANG_ENABLE_MODULES = YES;
				CLANG_ENABLE_OBJC_ARC = YES;
				CLANG_WARN_BOOL_CONVERSION = YES;
				CLANG_WARN_CONSTANT_CONVERSION = YES;
				CLANG_WARN_DIRECT_OBJC_ISA_USAGE = YES_ERROR;
				CLANG_WARN_EMPTY_BODY = YES;
				CLANG_WARN_ENUM_CONVERSION = YES;
				CLANG_WARN_INT_CONVERSION = YES;
				CLANG_WARN_OBJC_ROOT_CLASS = YES_ERROR;
				CLANG_WARN_UNREACHABLE_CODE = YES;
				CLANG_WARN__DUPLICATE_METHOD_MATCH = YES;
				CODE_SIGN_IDENTITY = "iPhone Developer";
				"CODE_SIGN_IDENTITY[sdk=iphoneos*]" = "iPhone Developer";
				COPY_PHASE_STRIP = NO;
				DEBUG_INFORMATION_FORMAT = "dwarf-with-dsym";
				ENABLE_STRICT_OBJC_MSGSEND = YES;
				ENABLE_TESTABILITY = YES;
				GCC_C_LANGUAGE_STANDARD = gnu99;
				GCC_DYNAMIC_NO_PIC = NO;
				GCC_NO_COMMON_BLOCKS = YES;
				GCC_OPTIMIZATION_LEVEL = 0;
				GCC_PREPROCESSOR_DEFINITIONS = (
					"DEBUG=1",
					"$(inherited)",
				);
				GCC_SYMBOLS_PRIVATE_EXTERN = NO;
				GCC_WARN_64_TO_32_BIT_CONVERSION = YES;
				GCC_WARN_ABOUT_RETURN_TYPE = YES_ERROR;
				GCC_WARN_UNDECLARED_SELECTOR = YES;
				GCC_WARN_UNINITIALIZED_AUTOS = YES_AGGRESSIVE;
				GCC_WARN_UNUSED_FUNCTION = YES;
				GCC_WARN_UNUSED_VARIABLE = YES;
				IPHONEOS_DEPLOYMENT_TARGET = 8.4;
				MTL_ENABLE_DEBUG_INFO = YES;
				ONLY_ACTIVE_ARCH = YES;
				SDKROOT = iphoneos;
				SWIFT_OPTIMIZATION_LEVEL = "-Onone";
				TARGETED_DEVICE_FAMILY = "1,2";
			};
			name = Debug;
		};
		5483BEE91B95FAA70037359C /* Release */ = {
			isa = XCBuildConfiguration;
			buildSettings = {
				ALWAYS_SEARCH_USER_PATHS = NO;
				CLANG_CXX_LANGUAGE_STANDARD = "gnu++0x";
				CLANG_CXX_LIBRARY = "libc++";
				CLANG_ENABLE_MODULES = YES;
				CLANG_ENABLE_OBJC_ARC = YES;
				CLANG_WARN_BOOL_CONVERSION = YES;
				CLANG_WARN_CONSTANT_CONVERSION = YES;
				CLANG_WARN_DIRECT_OBJC_ISA_USAGE = YES_ERROR;
				CLANG_WARN_EMPTY_BODY = YES;
				CLANG_WARN_ENUM_CONVERSION = YES;
				CLANG_WARN_INT_CONVERSION = YES;
				CLANG_WARN_OBJC_ROOT_CLASS = YES_ERROR;
				CLANG_WARN_UNREACHABLE_CODE = YES;
				CLANG_WARN__DUPLICATE_METHOD_MATCH = YES;
				CODE_SIGN_IDENTITY = "iPhone Developer";
				"CODE_SIGN_IDENTITY[sdk=iphoneos*]" = "iPhone Developer";
				COPY_PHASE_STRIP = NO;
				DEBUG_INFORMATION_FORMAT = "dwarf-with-dsym";
				ENABLE_NS_ASSERTIONS = NO;
				ENABLE_STRICT_OBJC_MSGSEND = YES;
				GCC_C_LANGUAGE_STANDARD = gnu99;
				GCC_NO_COMMON_BLOCKS = YES;
				GCC_WARN_64_TO_32_BIT_CONVERSION = YES;
				GCC_WARN_ABOUT_RETURN_TYPE = YES_ERROR;
				GCC_WARN_UNDECLARED_SELECTOR = YES;
				GCC_WARN_UNINITIALIZED_AUTOS = YES_AGGRESSIVE;
				GCC_WARN_UNUSED_FUNCTION = YES;
				GCC_WARN_UNUSED_VARIABLE = YES;
				IPHONEOS_DEPLOYMENT_TARGET = 8.4;
				MTL_ENABLE_DEBUG_INFO = NO;
				SDKROOT = iphoneos;
				TARGETED_DEVICE_FAMILY = "1,2";
				VALIDATE_PRODUCT = YES;
			};
			name = Release;
		};
		5483BEEB1B95FAA70037359C /* Debug */ = {
			isa = XCBuildConfiguration;
			baseConfigurationReference = 4ACE5D80873F6774CFD230B8 /* Pods.debug.xcconfig */;
			buildSettings = {
				ASSETCATALOG_COMPILER_APPICON_NAME = AppIcon;
				CLANG_ENABLE_MODULES = YES;
				CODE_SIGN_IDENTITY = "iPhone Developer";
				"CODE_SIGN_IDENTITY[sdk=iphoneos*]" = "iPhone Developer";
				INFOPLIST_FILE = Immerse/Info.plist;
				IPHONEOS_DEPLOYMENT_TARGET = 9.1;
				LD_RUNPATH_SEARCH_PATHS = "$(inherited) @executable_path/Frameworks";
				PRODUCT_BUNDLE_IDENTIFIER = "IM.$(PRODUCT_NAME:rfc1034identifier)";
				PRODUCT_NAME = "$(TARGET_NAME)";
				PROVISIONING_PROFILE = "";
				SWIFT_OBJC_BRIDGING_HEADER = "Immerse/Immerse-Bridging-Header.h";
				SWIFT_OPTIMIZATION_LEVEL = "-Onone";
			};
			name = Debug;
		};
		5483BEEC1B95FAA70037359C /* Release */ = {
			isa = XCBuildConfiguration;
			baseConfigurationReference = 0C4E41121568ECD7C159A32C /* Pods.release.xcconfig */;
			buildSettings = {
				ASSETCATALOG_COMPILER_APPICON_NAME = AppIcon;
				CLANG_ENABLE_MODULES = YES;
				CODE_SIGN_IDENTITY = "iPhone Developer";
				"CODE_SIGN_IDENTITY[sdk=iphoneos*]" = "iPhone Developer";
				INFOPLIST_FILE = Immerse/Info.plist;
				IPHONEOS_DEPLOYMENT_TARGET = 9.1;
				LD_RUNPATH_SEARCH_PATHS = "$(inherited) @executable_path/Frameworks";
				PRODUCT_BUNDLE_IDENTIFIER = "IM.$(PRODUCT_NAME:rfc1034identifier)";
				PRODUCT_NAME = "$(TARGET_NAME)";
				PROVISIONING_PROFILE = "";
				SWIFT_OBJC_BRIDGING_HEADER = "Immerse/Immerse-Bridging-Header.h";
			};
			name = Release;
		};
		5483BEEE1B95FAA70037359C /* Debug */ = {
			isa = XCBuildConfiguration;
			buildSettings = {
				BUNDLE_LOADER = "$(TEST_HOST)";
				FRAMEWORK_SEARCH_PATHS = (
					"$(SDKROOT)/Developer/Library/Frameworks",
					"$(inherited)",
				);
				GCC_PREPROCESSOR_DEFINITIONS = (
					"DEBUG=1",
					"$(inherited)",
				);
				INFOPLIST_FILE = ImmerseTests/Info.plist;
				LD_RUNPATH_SEARCH_PATHS = "$(inherited) @executable_path/Frameworks @loader_path/Frameworks";
				PRODUCT_BUNDLE_IDENTIFIER = "IM.$(PRODUCT_NAME:rfc1034identifier)";
				PRODUCT_NAME = "$(TARGET_NAME)";
				TEST_HOST = "$(BUILT_PRODUCTS_DIR)/Immerse.app/Immerse";
			};
			name = Debug;
		};
		5483BEEF1B95FAA70037359C /* Release */ = {
			isa = XCBuildConfiguration;
			buildSettings = {
				BUNDLE_LOADER = "$(TEST_HOST)";
				FRAMEWORK_SEARCH_PATHS = (
					"$(SDKROOT)/Developer/Library/Frameworks",
					"$(inherited)",
				);
				INFOPLIST_FILE = ImmerseTests/Info.plist;
				LD_RUNPATH_SEARCH_PATHS = "$(inherited) @executable_path/Frameworks @loader_path/Frameworks";
				PRODUCT_BUNDLE_IDENTIFIER = "IM.$(PRODUCT_NAME:rfc1034identifier)";
				PRODUCT_NAME = "$(TARGET_NAME)";
				TEST_HOST = "$(BUILT_PRODUCTS_DIR)/Immerse.app/Immerse";
			};
			name = Release;
		};
/* End XCBuildConfiguration section */

/* Begin XCConfigurationList section */
		5483BEC61B95FAA70037359C /* Build configuration list for PBXProject "Immerse" */ = {
			isa = XCConfigurationList;
			buildConfigurations = (
				5483BEE81B95FAA70037359C /* Debug */,
				5483BEE91B95FAA70037359C /* Release */,
			);
			defaultConfigurationIsVisible = 0;
			defaultConfigurationName = Release;
		};
		5483BEEA1B95FAA70037359C /* Build configuration list for PBXNativeTarget "Immerse" */ = {
			isa = XCConfigurationList;
			buildConfigurations = (
				5483BEEB1B95FAA70037359C /* Debug */,
				5483BEEC1B95FAA70037359C /* Release */,
			);
			defaultConfigurationIsVisible = 0;
			defaultConfigurationName = Release;
		};
		5483BEED1B95FAA70037359C /* Build configuration list for PBXNativeTarget "ImmerseTests" */ = {
			isa = XCConfigurationList;
			buildConfigurations = (
				5483BEEE1B95FAA70037359C /* Debug */,
				5483BEEF1B95FAA70037359C /* Release */,
			);
			defaultConfigurationIsVisible = 0;
			defaultConfigurationName = Release;
		};
/* End XCConfigurationList section */
	};
	rootObject = 5483BEC31B95FAA70037359C /* Project object */;
}
